
Microsoft Visual Studio Solution File, Format Version 10.00
# Visual Studio 2008
Project("{8BC9CEB8-8B4A-11D0-8D11-00A0C91BC942}") = "CFlyMain", "CFlyMain\CFlyMain.vcproj", "{CE65A4F4-D290-4E05-B119-7D6CF538E05D}"
	ProjectSection(ProjectDependencies) = postProject
		{C1B32C2B-9A40-4874-869F-FCC57BB1D93F} = {C1B32C2B-9A40-4874-869F-FCC57BB1D93F}
	EndProjectSection
EndProject
Project("{8BC9CEB8-8B4A-11D0-8D11-00A0C91BC942}") = "SampleBase", "CFlySample\SampleBase\SampleBase.vcproj", "{DBA1FE56-DEA5-4E06-85D0-CA7CA036E29D}"
	ProjectSection(ProjectDependencies) = postProject
		{CE65A4F4-D290-4E05-B119-7D6CF538E05D} = {CE65A4F4-D290-4E05-B119-7D6CF538E05D}
	EndProjectSection
EndProject
Project("{8BC9CEB8-8B4A-11D0-8D11-00A0C91BC942}") = "SampleActor", "CFlySample\SampleActor\SampleActor.vcproj", "{FF7443CC-C20F-4C1F-92EF-3F9A286667F7}"
	ProjectSection(ProjectDependencies) = postProject
		{C1B32C2B-9A40-4874-869F-FCC57BB1D93F} = {C1B32C2B-9A40-4874-869F-FCC57BB1D93F}
		{DBA1FE56-DEA5-4E06-85D0-CA7CA036E29D} = {DBA1FE56-DEA5-4E06-85D0-CA7CA036E29D}
		{CE65A4F4-D290-4E05-B119-7D6CF538E05D} = {CE65A4F4-D290-4E05-B119-7D6CF538E05D}
	EndProjectSection
EndProject
Project("{8BC9CEB8-8B4A-11D0-8D11-00A0C91BC942}") = "SampleShadow", "CFlySample\SampleShadow\SampleShadow.vcproj", "{AA629858-7466-40F8-AF2A-F2351ACC6D76}"
	ProjectSection(ProjectDependencies) = postProject
		{DBA1FE56-DEA5-4E06-85D0-CA7CA036E29D} = {DBA1FE56-DEA5-4E06-85D0-CA7CA036E29D}
		{CE65A4F4-D290-4E05-B119-7D6CF538E05D} = {CE65A4F4-D290-4E05-B119-7D6CF538E05D}
	EndProjectSection
EndProject
Project("{8BC9CEB8-8B4A-11D0-8D11-00A0C91BC942}") = "SampleProjTexture", "CFlySample\SampleProjTexture\SampleProjTexture.vcproj", "{F1B6CE1F-D4C4-4739-A324-94DEDEAE603F}"
	ProjectSection(ProjectDependencies) = postProject
		{DBA1FE56-DEA5-4E06-85D0-CA7CA036E29D} = {DBA1FE56-DEA5-4E06-85D0-CA7CA036E29D}
		{CE65A4F4-D290-4E05-B119-7D6CF538E05D} = {CE65A4F4-D290-4E05-B119-7D6CF538E05D}
	EndProjectSection
EndProject
Project("{8BC9CEB8-8B4A-11D0-8D11-00A0C91BC942}") = "SampleBumpMap", "CFlySample\SampleBumpMap\SampleBumpMap.vcproj", "{8DC63FF6-17B1-4697-B511-B8FA11C893DA}"
	ProjectSection(ProjectDependencies) = postProject
		{DBA1FE56-DEA5-4E06-85D0-CA7CA036E29D} = {DBA1FE56-DEA5-4E06-85D0-CA7CA036E29D}
		{CE65A4F4-D290-4E05-B119-7D6CF538E05D} = {CE65A4F4-D290-4E05-B119-7D6CF538E05D}
	EndProjectSection
EndProject
Project("{8BC9CEB8-8B4A-11D0-8D11-00A0C91BC942}") = "SampleCubeMap", "CFlySample\SampleCubeMap\SampleCubeMap.vcproj", "{B92B82FF-986C-4BFE-A10C-F6B4C226B0B9}"
	ProjectSection(ProjectDependencies) = postProject
		{DBA1FE56-DEA5-4E06-85D0-CA7CA036E29D} = {DBA1FE56-DEA5-4E06-85D0-CA7CA036E29D}
		{CE65A4F4-D290-4E05-B119-7D6CF538E05D} = {CE65A4F4-D290-4E05-B119-7D6CF538E05D}
	EndProjectSection
EndProject
Project("{8BC9CEB8-8B4A-11D0-8D11-00A0C91BC942}") = "libEngine", "libEngine\libEngine.vcproj", "{C1B32C2B-9A40-4874-869F-FCC57BB1D93F}"
EndProject
Project("{8BC9CEB8-8B4A-11D0-8D11-00A0C91BC942}") = "SampleBSP", "CFlySample\SampleBSP\SampleBSP.vcproj", "{8EF9EFDC-FF3C-4F85-A6DB-243E7132A539}"
	ProjectSection(ProjectDependencies) = postProject
		{C1B32C2B-9A40-4874-869F-FCC57BB1D93F} = {C1B32C2B-9A40-4874-869F-FCC57BB1D93F}
		{DBA1FE56-DEA5-4E06-85D0-CA7CA036E29D} = {DBA1FE56-DEA5-4E06-85D0-CA7CA036E29D}
		{CE65A4F4-D290-4E05-B119-7D6CF538E05D} = {CE65A4F4-D290-4E05-B119-7D6CF538E05D}
	EndProjectSection
EndProject
Project("{8BC9CEB8-8B4A-11D0-8D11-00A0C91BC942}") = "SampleSprite", "CFlySample\SampleSprite\SampleSprite.vcproj", "{BD9B58AA-A596-4F11-8DE5-B99A2E51531E}"
	ProjectSection(ProjectDependencies) = postProject
		{C1B32C2B-9A40-4874-869F-FCC57BB1D93F} = {C1B32C2B-9A40-4874-869F-FCC57BB1D93F}
		{DBA1FE56-DEA5-4E06-85D0-CA7CA036E29D} = {DBA1FE56-DEA5-4E06-85D0-CA7CA036E29D}
		{CE65A4F4-D290-4E05-B119-7D6CF538E05D} = {CE65A4F4-D290-4E05-B119-7D6CF538E05D}
	EndProjectSection
EndProject
Global
	GlobalSection(SolutionConfigurationPlatforms) = preSolution
		Debug|Win32 = Debug|Win32
		Release|Win32 = Release|Win32
	EndGlobalSection
	GlobalSection(ProjectConfigurationPlatforms) = postSolution
		{CE65A4F4-D290-4E05-B119-7D6CF538E05D}.Debug|Win32.ActiveCfg = Debug|Win32
		{CE65A4F4-D290-4E05-B119-7D6CF538E05D}.Debug|Win32.Build.0 = Debug|Win32
		{CE65A4F4-D290-4E05-B119-7D6CF538E05D}.Release|Win32.ActiveCfg = Release|Win32
		{CE65A4F4-D290-4E05-B119-7D6CF538E05D}.Release|Win32.Build.0 = Release|Win32
		{DBA1FE56-DEA5-4E06-85D0-CA7CA036E29D}.Debug|Win32.ActiveCfg = Debug|Win32
		{DBA1FE56-DEA5-4E06-85D0-CA7CA036E29D}.Debug|Win32.Build.0 = Debug|Win32
		{DBA1FE56-DEA5-4E06-85D0-CA7CA036E29D}.Release|Win32.ActiveCfg = Release|Win32
		{DBA1FE56-DEA5-4E06-85D0-CA7CA036E29D}.Release|Win32.Build.0 = Release|Win32
		{FF7443CC-C20F-4C1F-92EF-3F9A286667F7}.Debug|Win32.ActiveCfg = Debug|Win32
		{FF7443CC-C20F-4C1F-92EF-3F9A286667F7}.Debug|Win32.Build.0 = Debug|Win32
		{FF7443CC-C20F-4C1F-92EF-3F9A286667F7}.Release|Win32.ActiveCfg = Release|Win32
		{FF7443CC-C20F-4C1F-92EF-3F9A286667F7}.Release|Win32.Build.0 = Release|Win32
		{AA629858-7466-40F8-AF2A-F2351ACC6D76}.Debug|Win32.ActiveCfg = Debug|Win32
		{AA629858-7466-40F8-AF2A-F2351ACC6D76}.Debug|Win32.Build.0 = Debug|Win32
		{AA629858-7466-40F8-AF2A-F2351ACC6D76}.Release|Win32.ActiveCfg = Release|Win32
		{AA629858-7466-40F8-AF2A-F2351ACC6D76}.Release|Win32.Build.0 = Release|Win32
		{F1B6CE1F-D4C4-4739-A324-94DEDEAE603F}.Debug|Win32.ActiveCfg = Debug|Win32
		{F1B6CE1F-D4C4-4739-A324-94DEDEAE603F}.Debug|Win32.Build.0 = Debug|Win32
		{F1B6CE1F-D4C4-4739-A324-94DEDEAE603F}.Release|Win32.ActiveCfg = Release|Win32
		{F1B6CE1F-D4C4-4739-A324-94DEDEAE603F}.Release|Win32.Build.0 = Release|Win32
		{8DC63FF6-17B1-4697-B511-B8FA11C893DA}.Debug|Win32.ActiveCfg = Debug|Win32
		{8DC63FF6-17B1-4697-B511-B8FA11C893DA}.Debug|Win32.Build.0 = Debug|Win32
		{8DC63FF6-17B1-4697-B511-B8FA11C893DA}.Release|Win32.ActiveCfg = Release|Win32
		{8DC63FF6-17B1-4697-B511-B8FA11C893DA}.Release|Win32.Build.0 = Release|Win32
		{B92B82FF-986C-4BFE-A10C-F6B4C226B0B9}.Debug|Win32.ActiveCfg = Debug|Win32
		{B92B82FF-986C-4BFE-A10C-F6B4C226B0B9}.Debug|Win32.Build.0 = Debug|Win32
		{B92B82FF-986C-4BFE-A10C-F6B4C226B0B9}.Release|Win32.ActiveCfg = Release|Win32
		{B92B82FF-986C-4BFE-A10C-F6B4C226B0B9}.Release|Win32.Build.0 = Release|Win32
		{C1B32C2B-9A40-4874-869F-FCC57BB1D93F}.Debug|Win32.ActiveCfg = Debug|Win32
		{C1B32C2B-9A40-4874-869F-FCC57BB1D93F}.Debug|Win32.Build.0 = Debug|Win32
		{C1B32C2B-9A40-4874-869F-FCC57BB1D93F}.Release|Win32.ActiveCfg = Release|Win32
		{C1B32C2B-9A40-4874-869F-FCC57BB1D93F}.Release|Win32.Build.0 = Release|Win32
		{8EF9EFDC-FF3C-4F85-A6DB-243E7132A539}.Debug|Win32.ActiveCfg = Debug|Win32
		{8EF9EFDC-FF3C-4F85-A6DB-243E7132A539}.Debug|Win32.Build.0 = Debug|Win32
		{8EF9EFDC-FF3C-4F85-A6DB-243E7132A539}.Release|Win32.ActiveCfg = Release|Win32
		{8EF9EFDC-FF3C-4F85-A6DB-243E7132A539}.Release|Win32.Build.0 = Release|Win32
		{BD9B58AA-A596-4F11-8DE5-B99A2E51531E}.Debug|Win32.ActiveCfg = Debug|Win32
		{BD9B58AA-A596-4F11-8DE5-B99A2E51531E}.Debug|Win32.Build.0 = Debug|Win32
		{BD9B58AA-A596-4F11-8DE5-B99A2E51531E}.Release|Win32.ActiveCfg = Release|Win32
		{BD9B58AA-A596-4F11-8DE5-B99A2E51531E}.Release|Win32.Build.0 = Release|Win32
	EndGlobalSection
	GlobalSection(SolutionProperties) = preSolution
		HideSolutionNode = FALSE
	EndGlobalSection
EndGlobal
