<?xml version="1.0" encoding="utf-8"?>
<Project ToolsVersion="4.0" xmlns="http://schemas.microsoft.com/developer/msbuild/2003">
  <ItemGroup>
    <Filter Include="原始程式檔">
      <UniqueIdentifier>{4FC737F1-C7A5-4376-A066-2A32D752A2FF}</UniqueIdentifier>
      <Extensions>cpp;c;cc;cxx;def;odl;idl;hpj;bat;asm;asmx</Extensions>
    </Filter>
    <Filter Include="標頭檔">
      <UniqueIdentifier>{93995380-89BD-4b04-88EB-625FBE52EBFB}</UniqueIdentifier>
      <Extensions>h;hpp;hxx;hm;inl;inc;xsd</Extensions>
    </Filter>
    <Filter Include="資源檔">
      <UniqueIdentifier>{67DA6AB6-F800-4c08-8B7A-83BB121AAD01}</UniqueIdentifier>
      <Extensions>rc;ico;cur;bmp;dlg;rc2;rct;bin;rgs;gif;jpg;jpeg;jpe;resx;tiff;tif;png;wav</Extensions>
    </Filter>
    <Filter Include="Utility">
      <UniqueIdentifier>{367e0579-aabe-4268-9a61-6d46744d6acd}</UniqueIdentifier>
    </Filter>
    <Filter Include="Net">
      <UniqueIdentifier>{708a2dc3-14fb-4b6c-b945-a7e207d762a7}</UniqueIdentifier>
    </Filter>
    <Filter Include="temp">
      <UniqueIdentifier>{8abc6a93-f69e-4e43-b558-994e6b0c5f5a}</UniqueIdentifier>
      <ParseFiles>false</ParseFiles>
    </Filter>
    <Filter Include="Platform">
      <UniqueIdentifier>{9296d05a-c5cb-40be-ac46-00fcd4171968}</UniqueIdentifier>
    </Filter>
    <Filter Include="Component">
      <UniqueIdentifier>{7e20191a-3d92-4aeb-9472-313665742da3}</UniqueIdentifier>
    </Filter>
    <Filter Include="Math">
      <UniqueIdentifier>{4dde81d5-b2a2-4910-8727-b36781d1eb8e}</UniqueIdentifier>
    </Filter>
    <Filter Include="DataStructure">
      <UniqueIdentifier>{557d7043-e34f-4d21-b653-b5625d583d06}</UniqueIdentifier>
    </Filter>
    <Filter Include="Config">
      <UniqueIdentifier>{36920d3b-9a3e-4ba0-9cde-1013e011dabd}</UniqueIdentifier>
    </Filter>
    <Filter Include="UnitTest">
      <UniqueIdentifier>{71c9302c-5cf0-48b9-b467-2917b1e7fea6}</UniqueIdentifier>
    </Filter>
    <Filter Include="GUI">
      <UniqueIdentifier>{a640a770-4cad-4156-9229-e8daadbf49b0}</UniqueIdentifier>
    </Filter>
    <Filter Include="Image">
      <UniqueIdentifier>{d7a8b0d1-8914-412d-a73a-341e8f5fa5d2}</UniqueIdentifier>
    </Filter>
    <Filter Include="Core">
      <UniqueIdentifier>{e32d06ff-488f-4fe0-a5d2-1ea8492918fb}</UniqueIdentifier>
    </Filter>
    <Filter Include="Opengl">
      <UniqueIdentifier>{c89481b0-3990-48b5-8b09-37649027a60d}</UniqueIdentifier>
    </Filter>
    <Filter Include="DataManage">
      <UniqueIdentifier>{bc8a8356-be00-4fe7-8da4-867ab7c56ba2}</UniqueIdentifier>
    </Filter>
    <Filter Include="Phy2D">
      <UniqueIdentifier>{7127bf64-5b69-4c18-902a-aa2cfbee34eb}</UniqueIdentifier>
    </Filter>
    <Filter Include="AI">
      <UniqueIdentifier>{da6fd047-34f6-47b8-b2bd-3f586aed4179}</UniqueIdentifier>
    </Filter>
    <Filter Include="Algo">
      <UniqueIdentifier>{edb75349-183a-49cf-95cc-71198a2e5b7e}</UniqueIdentifier>
    </Filter>
    <Filter Include="Algo\AStar">
      <UniqueIdentifier>{8c578ddc-2ab1-4011-910b-168786060738}</UniqueIdentifier>
    </Filter>
    <Filter Include="Memory">
      <UniqueIdentifier>{5365de4e-dbab-4145-8e9c-9bbaa473a9fa}</UniqueIdentifier>
    </Filter>
    <Filter Include="Compiler">
      <UniqueIdentifier>{3d52d85a-20f4-4166-8ea6-9248666a8d99}</UniqueIdentifier>
    </Filter>
    <Filter Include="Core\Hash">
      <UniqueIdentifier>{41941ad9-3862-4459-af28-48c3236430c4}</UniqueIdentifier>
    </Filter>
    <Filter Include="Collision">
      <UniqueIdentifier>{236072c0-bed9-4689-99d6-25f33fc3ab1f}</UniqueIdentifier>
    </Filter>
    <Filter Include="Template">
      <UniqueIdentifier>{17090015-7411-4592-9185-e9065a73e922}</UniqueIdentifier>
    </Filter>
    <Filter Include="Audio">
      <UniqueIdentifier>{81a86599-69e8-4c31-81e5-fb96d432d55c}</UniqueIdentifier>
    </Filter>
    <Filter Include="Audio\XAudio2">
      <UniqueIdentifier>{669c7248-9656-412c-becb-af4bf6fcabea}</UniqueIdentifier>
    </Filter>
    <Filter Include="Platform\Windows">
      <UniqueIdentifier>{911b5144-c38c-4d57-93fe-1aa913fe5a69}</UniqueIdentifier>
    </Filter>
    <Filter Include="Misc">
      <UniqueIdentifier>{4c504094-adcf-4436-a3bc-22735d3c6bee}</UniqueIdentifier>
    </Filter>
    <Filter Include="GameFramework">
      <UniqueIdentifier>{9e425877-efb6-4cf3-a37d-a12f5a8f9efa}</UniqueIdentifier>
    </Filter>
    <Filter Include="RHI">
      <UniqueIdentifier>{49fa5d67-1cba-4ef9-981c-5728b658764c}</UniqueIdentifier>
    </Filter>
    <Filter Include="OtherLib">
      <UniqueIdentifier>{e32409f7-7336-41a0-9274-2841fc8f9b9a}</UniqueIdentifier>
    </Filter>
    <Filter Include="Hardware">
      <UniqueIdentifier>{e62429ee-90bb-44a8-a466-b572fa4ae06b}</UniqueIdentifier>
    </Filter>
    <Filter Include="RHI\OpenGL">
      <UniqueIdentifier>{c967042e-a842-4761-b97f-191342eee644}</UniqueIdentifier>
    </Filter>
    <Filter Include="RHI\D3D11">
      <UniqueIdentifier>{a8ca91b3-67c5-4e34-abdd-c79673a86a32}</UniqueIdentifier>
    </Filter>
    <Filter Include="OtherLib\NvTriStrip">
      <UniqueIdentifier>{7be770d2-98ef-4ec1-b501-82a3426021e9}</UniqueIdentifier>
    </Filter>
    <Filter Include="OtherLib\NvTess">
      <UniqueIdentifier>{2e129a27-6d6f-4020-8624-3122a56a91de}</UniqueIdentifier>
    </Filter>
    <Filter Include="GameFramework\ECS">
      <UniqueIdentifier>{b14a3fda-3a8a-4c7a-bd65-02192ee4dee8}</UniqueIdentifier>
    </Filter>
    <Filter Include="Core\String">
      <UniqueIdentifier>{c35e934b-8c4e-407e-a754-c855f1697aae}</UniqueIdentifier>
    </Filter>
    <Filter Include="Serialize">
      <UniqueIdentifier>{0666c421-5573-437b-9242-765ac0d902aa}</UniqueIdentifier>
    </Filter>
    <Filter Include="Meta">
      <UniqueIdentifier>{dca9d62c-e6fd-42f1-bf94-6421eeda46c8}</UniqueIdentifier>
    </Filter>
    <Filter Include="OtherLib\minisat">
      <UniqueIdentifier>{8e429900-dede-426f-b67c-523616ccedce}</UniqueIdentifier>
    </Filter>
    <Filter Include="RHI\D3D12">
      <UniqueIdentifier>{03a43dab-c2e1-4c0e-962c-4bddd27eaf5e}</UniqueIdentifier>
    </Filter>
    <Filter Include="RHI\Vulkan">
      <UniqueIdentifier>{7d4f4d9d-152b-4cee-9f2c-ceab637e2cf1}</UniqueIdentifier>
    </Filter>
    <Filter Include="Reflection">
      <UniqueIdentifier>{ffb3b22c-63cb-4ece-8314-c237834cc77d}</UniqueIdentifier>
    </Filter>
    <Filter Include="OtherLib\SpirvReflect">
      <UniqueIdentifier>{d608aeec-bafe-44a0-8af7-299eb489accf}</UniqueIdentifier>
    </Filter>
    <Filter Include="Renderer">
      <UniqueIdentifier>{5dd8e390-7e50-4213-b623-e5d756e4d64e}</UniqueIdentifier>
    </Filter>
  </ItemGroup>
  <ItemGroup>
    <ClCompile Include="AppEntry.cpp">
      <Filter>原始程式檔</Filter>
    </ClCompile>
    <ClCompile Include="ConsoleSystem.cpp">
      <Filter>原始程式檔</Filter>
    </ClCompile>
    <ClCompile Include="FileSystem.cpp">
      <Filter>原始程式檔</Filter>
    </ClCompile>
    <ClCompile Include="ProfileSystem.cpp">
      <Filter>原始程式檔</Filter>
    </ClCompile>
    <ClCompile Include="TaskBase.cpp">
      <Filter>原始程式檔</Filter>
    </ClCompile>
    <ClCompile Include="Bitset.cpp">
      <Filter>Utility</Filter>
    </ClCompile>
    <ClCompile Include="Clock.cpp">
      <Filter>Utility</Filter>
    </ClCompile>
    <ClCompile Include="SocketBuffer.cpp">
      <Filter>Net</Filter>
    </ClCompile>
    <ClCompile Include="BitmapDC.cpp">
      <Filter>Platform</Filter>
    </ClCompile>
    <ClCompile Include="WGLContext.cpp">
      <Filter>Platform</Filter>
    </ClCompile>
    <ClCompile Include="Win32ProfileViewer.cpp">
      <Filter>Platform</Filter>
    </ClCompile>
    <ClCompile Include="WinGDIRenderSystem.cpp">
      <Filter>Platform</Filter>
    </ClCompile>
    <ClCompile Include="Math\BigFloat.cpp">
      <Filter>Math</Filter>
    </ClCompile>
    <ClCompile Include="Math\BigInteger.cpp">
      <Filter>Math</Filter>
    </ClCompile>
    <ClCompile Include="Math\Matrix3.cpp">
      <Filter>Math</Filter>
    </ClCompile>
    <ClCompile Include="Math\Matrix4.cpp">
      <Filter>Math</Filter>
    </ClCompile>
    <ClCompile Include="Math\Quaternion.cpp">
      <Filter>Math</Filter>
    </ClCompile>
    <ClCompile Include="UnitTest\TestClass.cpp">
      <Filter>UnitTest</Filter>
    </ClCompile>
    <ClCompile Include="Phy2D\Collision.cpp">
      <Filter>Phy2D</Filter>
    </ClCompile>
    <ClCompile Include="Phy2D\Phy2D.cpp">
      <Filter>Phy2D</Filter>
    </ClCompile>
    <ClCompile Include="Phy2D\RigidBody.cpp">
      <Filter>Phy2D</Filter>
    </ClCompile>
    <ClCompile Include="Phy2D\Shape.cpp">
      <Filter>Phy2D</Filter>
    </ClCompile>
    <ClCompile Include="Phy2D\World.cpp">
      <Filter>Phy2D</Filter>
    </ClCompile>
    <ClCompile Include="TileRegion.cpp">
      <Filter>Algo\AStar</Filter>
    </ClCompile>
    <ClCompile Include="NetSocket.cpp">
      <Filter>Net</Filter>
    </ClCompile>
    <ClCompile Include="BehaviorTree\BTNode.cpp">
      <Filter>AI</Filter>
    </ClCompile>
    <ClCompile Include="BehaviorTree\TreeBuilder.cpp">
      <Filter>AI</Filter>
    </ClCompile>
    <ClCompile Include="LogSystem.cpp">
      <Filter>原始程式檔</Filter>
    </ClCompile>
    <ClCompile Include="CoreShare.cpp">
      <Filter>原始程式檔</Filter>
    </ClCompile>
    <ClCompile Include="HashString.cpp">
      <Filter>原始程式檔</Filter>
    </ClCompile>
    <ClCompile Include="CPreprocessor.cpp">
      <Filter>原始程式檔</Filter>
    </ClCompile>
    <ClCompile Include="Asset.cpp">
      <Filter>原始程式檔</Filter>
    </ClCompile>
    <ClCompile Include="Math\Transform.cpp">
      <Filter>Math</Filter>
    </ClCompile>
    <ClCompile Include="FlowSystem.cpp">
      <Filter>原始程式檔</Filter>
    </ClCompile>
    <ClCompile Include="Math\Math2D.cpp">
      <Filter>Math</Filter>
    </ClCompile>
    <ClCompile Include="AsyncWork.cpp">
      <Filter>Utility</Filter>
    </ClCompile>
    <ClCompile Include="SystemPlatform.cpp">
      <Filter>Platform</Filter>
    </ClCompile>
    <ClCompile Include="AI\NeuralNetwork.cpp">
      <Filter>AI</Filter>
    </ClCompile>
    <ClCompile Include="AI\GeneticAlgorithm.cpp">
      <Filter>AI</Filter>
    </ClCompile>
    <ClCompile Include="Collision2D\SATSolver.cpp">
      <Filter>Collision</Filter>
    </ClCompile>
    <ClCompile Include="Audio\AudioDevice.cpp">
      <Filter>Audio</Filter>
    </ClCompile>
    <ClCompile Include="Audio\XAudio2\XAudio2Device.cpp">
      <Filter>Audio\XAudio2</Filter>
    </ClCompile>
    <ClCompile Include="BitUtility.cpp">
      <Filter>原始程式檔</Filter>
    </ClCompile>
    <ClCompile Include="Misc\ImageMergeHelper.cpp">
      <Filter>Misc</Filter>
    </ClCompile>
    <ClCompile Include="Platform\Windows\WindowsProcess.cpp">
      <Filter>Platform\Windows</Filter>
    </ClCompile>
    <ClCompile Include="Core\MD5.cpp">
      <Filter>原始程式檔</Filter>
    </ClCompile>
    <ClCompile Include="Misc\Guid.cpp">
      <Filter>Misc</Filter>
    </ClCompile>
    <ClCompile Include="Core\Color.cpp">
      <Filter>Core</Filter>
    </ClCompile>
    <ClCompile Include="CRSpline.cpp">
      <Filter>Math</Filter>
    </ClCompile>
    <ClCompile Include="RHI\ShaderCore.cpp">
      <Filter>RHI</Filter>
    </ClCompile>
    <ClCompile Include="RHI\TextureAtlas.cpp">
      <Filter>RHI</Filter>
    </ClCompile>
    <ClCompile Include="RHI\VertexFactory.cpp">
      <Filter>RHI</Filter>
    </ClCompile>
    <ClCompile Include="RHI\DrawUtility.cpp">
      <Filter>RHI</Filter>
    </ClCompile>
    <ClCompile Include="RHI\GpuProfiler.cpp">
      <Filter>RHI</Filter>
    </ClCompile>
    <ClCompile Include="RHI\LazyObject.cpp">
      <Filter>RHI</Filter>
    </ClCompile>
    <ClCompile Include="RHI\Material.cpp">
      <Filter>RHI</Filter>
    </ClCompile>
    <ClCompile Include="RHI\MeshUtility.cpp">
      <Filter>RHI</Filter>
    </ClCompile>
    <ClCompile Include="RHI\PrimitiveBatch.cpp">
      <Filter>RHI</Filter>
    </ClCompile>
    <ClCompile Include="RHI\RenderContext.cpp">
      <Filter>RHI</Filter>
    </ClCompile>
    <ClCompile Include="RHI\RHICommand.cpp">
      <Filter>RHI</Filter>
    </ClCompile>
    <ClCompile Include="RHI\RHICommon.cpp">
      <Filter>RHI</Filter>
    </ClCompile>
    <ClCompile Include="RHI\RHIGraphics2D.cpp">
      <Filter>RHI</Filter>
    </ClCompile>
    <ClCompile Include="RHI\Scene.cpp">
      <Filter>RHI</Filter>
    </ClCompile>
    <ClCompile Include="RHI\SceneObject.cpp">
      <Filter>RHI</Filter>
    </ClCompile>
    <ClCompile Include="RHI\SceneRenderer.cpp">
      <Filter>RHI</Filter>
    </ClCompile>
    <ClCompile Include="RHI\Font.cpp">
      <Filter>RHI</Filter>
    </ClCompile>
    <ClCompile Include="Hardware\GPUDeviceQuery.cpp">
      <Filter>Hardware</Filter>
    </ClCompile>
    <ClCompile Include="RHI\MaterialShader.cpp">
      <Filter>RHI</Filter>
    </ClCompile>
    <ClCompile Include="RHI\OpenGLCommand.cpp">
      <Filter>RHI\OpenGL</Filter>
    </ClCompile>
    <ClCompile Include="RHI\D3D11Command.cpp">
      <Filter>RHI\D3D11</Filter>
    </ClCompile>
    <ClCompile Include="RHI\OpenGLCommon.cpp">
      <Filter>RHI\OpenGL</Filter>
    </ClCompile>
    <ClCompile Include="RHI\D3D11Common.cpp">
      <Filter>RHI\D3D11</Filter>
    </ClCompile>
    <ClCompile Include="Math\PrimitiveTest.cpp">
      <Filter>原始程式檔</Filter>
    </ClCompile>
    <ClCompile Include="..\OtherLib\NvTriStrip\NvTriStripObjects.cpp">
      <Filter>OtherLib\NvTriStrip</Filter>
    </ClCompile>
    <ClCompile Include="..\OtherLib\NvTriStrip\NvTriStrip.cpp">
      <Filter>OtherLib\NvTriStrip</Filter>
    </ClCompile>
    <ClCompile Include="..\OtherLib\NvTess\nvtess.cpp">
      <Filter>OtherLib\NvTess</Filter>
    </ClCompile>
    <ClCompile Include="..\OtherLib\tinyobjloader\tiny_obj_loader.cc">
      <Filter>OtherLib</Filter>
    </ClCompile>
    <ClCompile Include="..\OtherLib\stb\stb_compile.cpp">
      <Filter>OtherLib</Filter>
    </ClCompile>
    <ClCompile Include="Json.cpp">
      <Filter>原始程式檔</Filter>
    </ClCompile>
    <ClCompile Include="GameFramework\EntityManager.cpp">
      <Filter>GameFramework\ECS</Filter>
    </ClCompile>
    <ClCompile Include="StringParse.cpp">
      <Filter>Utility</Filter>
    </ClCompile>
    <ClCompile Include="CString.cpp">
      <Filter>Utility</Filter>
    </ClCompile>
    <ClCompile Include="PlatformThread.cpp">
      <Filter>Platform</Filter>
    </ClCompile>
    <ClCompile Include="Core\StringConv.cpp">
      <Filter>Core\String</Filter>
    </ClCompile>
    <ClCompile Include="DataStructure\ClassTree.cpp">
      <Filter>DataStructure</Filter>
    </ClCompile>
    <ClCompile Include="DataCacheInterface.cpp">
      <Filter>原始程式檔</Filter>
    </ClCompile>
    <ClCompile Include="Serialize\DataStream.cpp">
      <Filter>Serialize</Filter>
    </ClCompile>
    <ClCompile Include="Serialize\FileStream.cpp">
      <Filter>Serialize</Filter>
    </ClCompile>
    <ClCompile Include="RHI\RHIGlobalResource.cpp">
      <Filter>RHI</Filter>
    </ClCompile>
    <ClCompile Include="RHI\RHICommandListImpl.cpp">
      <Filter>RHI</Filter>
    </ClCompile>
    <ClCompile Include="RHI\ShaderProgram.cpp">
      <Filter>RHI</Filter>
    </ClCompile>
    <ClCompile Include="RHI\ShaderManager.cpp">
      <Filter>RHI</Filter>
    </ClCompile>
    <ClCompile Include="RHI\D3D11ShaderCommon.cpp">
      <Filter>RHI\D3D11</Filter>
    </ClCompile>
    <ClCompile Include="RHI\OpenGLShaderCommon.cpp">
      <Filter>RHI\OpenGL</Filter>
    </ClCompile>
    <ClCompile Include="Core\CRC.cpp">
      <Filter>Core</Filter>
    </ClCompile>
    <ClCompile Include="Image\ImageData.cpp">
      <Filter>Image</Filter>
    </ClCompile>
    <ClCompile Include="Image\GIFLoader.cpp">
      <Filter>Image</Filter>
    </ClCompile>
    <ClCompile Include="..\OtherLib\minisat\core\Main.cc">
      <Filter>OtherLib\minisat</Filter>
    </ClCompile>
    <ClCompile Include="..\OtherLib\minisat\core\Solver.cc">
      <Filter>OtherLib\minisat</Filter>
    </ClCompile>
    <ClCompile Include="..\OtherLib\minisat\core\SolverTypes.cc">
      <Filter>OtherLib\minisat</Filter>
    </ClCompile>
    <ClCompile Include="..\OtherLib\minisat\utils\Options.cc">
      <Filter>OtherLib\minisat</Filter>
    </ClCompile>
    <ClCompile Include="..\OtherLib\minisat\utils\System.cc">
      <Filter>OtherLib\minisat</Filter>
    </ClCompile>
    <ClCompile Include="Math\Matrix2.cpp">
      <Filter>Math</Filter>
    </ClCompile>
    <ClCompile Include="RHI\D3D12Command.cpp">
      <Filter>RHI\D3D12</Filter>
    </ClCompile>
    <ClCompile Include="RHI\D3D12Common.cpp">
      <Filter>RHI\D3D12</Filter>
    </ClCompile>
    <ClCompile Include="RHI\D3D12ShaderCommon.cpp">
      <Filter>RHI\D3D12</Filter>
    </ClCompile>
    <ClCompile Include="Image\ImageProcessing.cpp">
      <Filter>Image</Filter>
    </ClCompile>
    <ClCompile Include="..\OtherLib\SpirvReflect\spirv_reflect.c">
      <Filter>OtherLib\SpirvReflect</Filter>
    </ClCompile>
    <ClCompile Include="RHI\VulkanShaderCommon.cpp">
      <Filter>RHI\Vulkan</Filter>
    </ClCompile>
    <ClCompile Include="RHI\VulkanCommand.cpp">
      <Filter>RHI\Vulkan</Filter>
    </ClCompile>
    <ClCompile Include="RHI\VulkanCommon.cpp">
      <Filter>RHI\Vulkan</Filter>
    </ClCompile>
    <ClCompile Include="RHI\ShaderFormat.cpp">
      <Filter>RHI</Filter>
    </ClCompile>
    <ClCompile Include="RHI\MeshImportor.cpp">
      <Filter>RHI</Filter>
    </ClCompile>
    <ClCompile Include="Renderer\RenderTransform2D.cpp">
      <Filter>Renderer</Filter>
    </ClCompile>
    <ClCompile Include="Renderer\BatchedRender2D.cpp">
      <Filter>Renderer</Filter>
    </ClCompile>
  </ItemGroup>
  <ItemGroup>
    <ClInclude Include="ConsoleSystem.h">
      <Filter>標頭檔</Filter>
    </ClInclude>
    <ClInclude Include="Coroutine.h">
      <Filter>標頭檔</Filter>
    </ClInclude>
    <ClInclude Include="FileSystem.h">
      <Filter>標頭檔</Filter>
    </ClInclude>
    <ClInclude Include="FlowSystem.h">
      <Filter>標頭檔</Filter>
    </ClInclude>
    <ClInclude Include="GameEngine.h">
      <Filter>標頭檔</Filter>
    </ClInclude>
    <ClInclude Include="GameLoop.h">
      <Filter>標頭檔</Filter>
    </ClInclude>
    <ClInclude Include="ProfileSystem.h">
      <Filter>標頭檔</Filter>
    </ClInclude>
    <ClInclude Include="Reflection.h">
      <Filter>標頭檔</Filter>
    </ClInclude>
    <ClInclude Include="StreamBuffer.h">
      <Filter>標頭檔</Filter>
    </ClInclude>
    <ClInclude Include="TaskBase.h">
      <Filter>標頭檔</Filter>
    </ClInclude>
    <ClInclude Include="TypeCast.h">
      <Filter>標頭檔</Filter>
    </ClInclude>
    <ClInclude Include="Bitset.h">
      <Filter>Utility</Filter>
    </ClInclude>
    <ClInclude Include="BitUtility.h">
      <Filter>Utility</Filter>
    </ClInclude>
    <ClInclude Include="Clock.h">
      <Filter>Utility</Filter>
    </ClInclude>
    <ClInclude Include="FixString.h">
      <Filter>Utility</Filter>
    </ClInclude>
    <ClInclude Include="Flag.h">
      <Filter>Utility</Filter>
    </ClInclude>
    <ClInclude Include="Random.h">
      <Filter>Utility</Filter>
    </ClInclude>
    <ClInclude Include="Singleton.h">
      <Filter>Utility</Filter>
    </ClInclude>
    <ClInclude Include="StackParam.h">
      <Filter>Utility</Filter>
    </ClInclude>
    <ClInclude Include="TCycleNumber.h">
      <Filter>Utility</Filter>
    </ClInclude>
    <ClInclude Include="TGrid2D.h">
      <Filter>Utility</Filter>
    </ClInclude>
    <ClInclude Include="Tween.h">
      <Filter>Utility</Filter>
    </ClInclude>
    <ClInclude Include="SocketBuffer.h">
      <Filter>Net</Filter>
    </ClInclude>
    <ClInclude Include="BitmapDC.h">
      <Filter>Platform</Filter>
    </ClInclude>
    <ClInclude Include="Graphics2DBase.h">
      <Filter>Platform</Filter>
    </ClInclude>
    <ClInclude Include="WGLContext.h">
      <Filter>Platform</Filter>
    </ClInclude>
    <ClInclude Include="Win32ProfileViewer.h">
      <Filter>Platform</Filter>
    </ClInclude>
    <ClInclude Include="WinGDIRenderSystem.h">
      <Filter>Platform</Filter>
    </ClInclude>
    <ClInclude Include="WinGLPlatform.h">
      <Filter>Platform</Filter>
    </ClInclude>
    <ClInclude Include="Math\Base.h">
      <Filter>Math</Filter>
    </ClInclude>
    <ClInclude Include="Math\BigFloat.h">
      <Filter>Math</Filter>
    </ClInclude>
    <ClInclude Include="Math\BigInteger.h">
      <Filter>Math</Filter>
    </ClInclude>
    <ClInclude Include="Math\FixedFloat.h">
      <Filter>Math</Filter>
    </ClInclude>
    <ClInclude Include="Math\Matrix3.h">
      <Filter>Math</Filter>
    </ClInclude>
    <ClInclude Include="Math\Matrix4.h">
      <Filter>Math</Filter>
    </ClInclude>
    <ClInclude Include="Math\MatrixUtility.h">
      <Filter>Math</Filter>
    </ClInclude>
    <ClInclude Include="Math\Quaternion.h">
      <Filter>Math</Filter>
    </ClInclude>
    <ClInclude Include="Math\Vector3.h">
      <Filter>Math</Filter>
    </ClInclude>
    <ClInclude Include="Math\Vector4.h">
      <Filter>Math</Filter>
    </ClInclude>
    <ClInclude Include="CompilerConfig.h">
      <Filter>Config</Filter>
    </ClInclude>
    <ClInclude Include="Cpp11StdConfig.h">
      <Filter>Config</Filter>
    </ClInclude>
    <ClInclude Include="CppVersion.h">
      <Filter>Config</Filter>
    </ClInclude>
    <ClInclude Include="PlatformConfig.h">
      <Filter>Config</Filter>
    </ClInclude>
    <ClInclude Include="UnitTest\Config.h">
      <Filter>UnitTest</Filter>
    </ClInclude>
    <ClInclude Include="UnitTest\TestAssert.h">
      <Filter>UnitTest</Filter>
    </ClInclude>
    <ClInclude Include="UnitTest\TestClass.h">
      <Filter>UnitTest</Filter>
    </ClInclude>
    <ClInclude Include="UnitTest.h">
      <Filter>UnitTest</Filter>
    </ClInclude>
    <ClInclude Include="Any.h">
      <Filter>Core</Filter>
    </ClInclude>
    <ClInclude Include="GLConfig.h">
      <Filter>Opengl</Filter>
    </ClInclude>
    <ClInclude Include="Asset.h">
      <Filter>DataManage</Filter>
    </ClInclude>
    <ClInclude Include="Phy2D\Base.h">
      <Filter>Phy2D</Filter>
    </ClInclude>
    <ClInclude Include="Phy2D\Collision.h">
      <Filter>Phy2D</Filter>
    </ClInclude>
    <ClInclude Include="Phy2D\Phy2D.h">
      <Filter>Phy2D</Filter>
    </ClInclude>
    <ClInclude Include="Phy2D\RigidBody.h">
      <Filter>Phy2D</Filter>
    </ClInclude>
    <ClInclude Include="Phy2D\Shape.h">
      <Filter>Phy2D</Filter>
    </ClInclude>
    <ClInclude Include="Phy2D\World.h">
      <Filter>Phy2D</Filter>
    </ClInclude>
    <ClInclude Include="Algo\IDAStar.h">
      <Filter>Algo</Filter>
    </ClInclude>
    <ClInclude Include="Algo\AStar.h">
      <Filter>Algo\AStar</Filter>
    </ClInclude>
    <ClInclude Include="Algo\AStarDefultPolicy.h">
      <Filter>Algo\AStar</Filter>
    </ClInclude>
    <ClInclude Include="AStarTile2D.h">
      <Filter>Algo\AStar</Filter>
    </ClInclude>
    <ClInclude Include="MortonCode.h">
      <Filter>Algo\AStar</Filter>
    </ClInclude>
    <ClInclude Include="TileRegion.h">
      <Filter>Algo\AStar</Filter>
    </ClInclude>
    <ClInclude Include="TQTPortalAStar.h">
      <Filter>Algo\AStar</Filter>
    </ClInclude>
    <ClInclude Include="TQuadTree.h">
      <Filter>Algo\AStar</Filter>
    </ClInclude>
    <ClInclude Include="TQuadTreeTile.h">
      <Filter>Algo\AStar</Filter>
    </ClInclude>
    <ClInclude Include="NetSocket.h">
      <Filter>Net</Filter>
    </ClInclude>
    <ClInclude Include="StdUtility.h">
      <Filter>Utility</Filter>
    </ClInclude>
    <ClInclude Include="CacheAllocator.h">
      <Filter>Memory</Filter>
    </ClInclude>
    <ClInclude Include="AllocFIFO.h">
      <Filter>Memory</Filter>
    </ClInclude>
    <ClInclude Include="FrameAllocator.h">
      <Filter>Memory</Filter>
    </ClInclude>
    <ClInclude Include="WidgetCore.h">
      <Filter>GUI</Filter>
    </ClInclude>
    <ClInclude Include="WidgetCore.hpp">
      <Filter>GUI</Filter>
    </ClInclude>
    <ClInclude Include="WidgetCommon.h">
      <Filter>GUI</Filter>
    </ClInclude>
    <ClInclude Include="WidgetCommon.hpp">
      <Filter>GUI</Filter>
    </ClInclude>
    <ClInclude Include="BehaviorTree\BTNode.h">
      <Filter>AI</Filter>
    </ClInclude>
    <ClInclude Include="BehaviorTree\delegateN.hxx">
      <Filter>AI</Filter>
    </ClInclude>
    <ClInclude Include="BehaviorTree\delegeate.h">
      <Filter>AI</Filter>
    </ClInclude>
    <ClInclude Include="BehaviorTree\FixNumber.h">
      <Filter>AI</Filter>
    </ClInclude>
    <ClInclude Include="BehaviorTree\NodeExpression.h">
      <Filter>AI</Filter>
    </ClInclude>
    <ClInclude Include="BehaviorTree\TreeBuilder.h">
      <Filter>AI</Filter>
    </ClInclude>
    <ClInclude Include="BehaviorTree\Visitor.h">
      <Filter>AI</Filter>
    </ClInclude>
    <ClInclude Include="CompressAlgo.h">
      <Filter>Algo</Filter>
    </ClInclude>
    <ClInclude Include="DataBitSerialize.h">
      <Filter>Utility</Filter>
    </ClInclude>
    <ClInclude Include="LogSystem.h">
      <Filter>標頭檔</Filter>
    </ClInclude>
    <ClInclude Include="CoreShare.h">
      <Filter>Config</Filter>
    </ClInclude>
    <ClInclude Include="StringParse.h">
      <Filter>Utility</Filter>
    </ClInclude>
    <ClInclude Include="CPreprocessor.h">
      <Filter>Compiler</Filter>
    </ClInclude>
    <ClInclude Include="RefCount.h">
      <Filter>標頭檔</Filter>
    </ClInclude>
    <ClInclude Include="TypeConstruct.h">
      <Filter>Core</Filter>
    </ClInclude>
    <ClInclude Include="ReflectionCollect.h">
      <Filter>標頭檔</Filter>
    </ClInclude>
    <ClInclude Include="Math\Transform.h">
      <Filter>Math</Filter>
    </ClInclude>
    <ClInclude Include="EnumCommon.h">
      <Filter>標頭檔</Filter>
    </ClInclude>
    <ClInclude Include="Math\Math2D.h">
      <Filter>Math</Filter>
    </ClInclude>
    <ClInclude Include="Math\Vector2.h">
      <Filter>Math</Filter>
    </ClInclude>
    <ClInclude Include="MemorySecurity.h">
      <Filter>標頭檔</Filter>
    </ClInclude>
    <ClInclude Include="SystemMessage.h">
      <Filter>標頭檔</Filter>
    </ClInclude>
    <ClInclude Include="WindowsMessageHander.h">
      <Filter>Platform</Filter>
    </ClInclude>
    <ClInclude Include="WindowsFileSystem.h">
      <Filter>Platform</Filter>
    </ClInclude>
    <ClInclude Include="WindowsHeader.h">
      <Filter>Platform</Filter>
    </ClInclude>
    <ClInclude Include="WindowsPlatform.h">
      <Filter>Platform</Filter>
    </ClInclude>
    <ClInclude Include="Holder.h">
      <Filter>Utility</Filter>
    </ClInclude>
    <ClInclude Include="Math\DualQuat.h">
      <Filter>Math</Filter>
    </ClInclude>
    <ClInclude Include="AsyncWork.h">
      <Filter>Utility</Filter>
    </ClInclude>
    <ClInclude Include="SystemPlatform.h">
      <Filter>Platform</Filter>
    </ClInclude>
    <ClInclude Include="TemplateMisc.h">
      <Filter>Core</Filter>
    </ClInclude>
    <ClInclude Include="CString.h">
      <Filter>Utility</Filter>
    </ClInclude>
    <ClInclude Include="SortFunction.h">
      <Filter>Algo</Filter>
    </ClInclude>
    <ClInclude Include="Alloc.h">
      <Filter>Memory</Filter>
    </ClInclude>
    <ClInclude Include="ObjectHandle.h">
      <Filter>temp</Filter>
    </ClInclude>
    <ClInclude Include="AI\NeuralNetwork.h">
      <Filter>AI</Filter>
    </ClInclude>
    <ClInclude Include="Delegate.h">
      <Filter>Core</Filter>
    </ClInclude>
    <ClInclude Include="AI\GeneticAlgorithm.h">
      <Filter>AI</Filter>
    </ClInclude>
    <ClInclude Include="Core\IntegerType.h">
      <Filter>標頭檔</Filter>
    </ClInclude>
    <ClInclude Include="Core\FNV1a.h">
      <Filter>Core\Hash</Filter>
    </ClInclude>
    <ClInclude Include="Collision2D\SATSolver.h">
      <Filter>Collision</Filter>
    </ClInclude>
    <ClInclude Include="Template\ArrayView.h">
      <Filter>Template</Filter>
    </ClInclude>
    <ClInclude Include="MarcoCommon.h">
      <Filter>Config</Filter>
    </ClInclude>
    <ClInclude Include="Core\Color.h">
      <Filter>Core</Filter>
    </ClInclude>
    <ClInclude Include="Audio\AudioDevice.h">
      <Filter>Audio</Filter>
    </ClInclude>
    <ClInclude Include="Audio\XAudio2\XAudio2Device.h">
      <Filter>Audio\XAudio2</Filter>
    </ClInclude>
    <ClInclude Include="Platform\Windows\MediaFoundationHeader.h">
      <Filter>Platform\Windows</Filter>
    </ClInclude>
    <ClInclude Include="Math\SIMD.h">
      <Filter>Math</Filter>
    </ClInclude>
    <ClInclude Include="Core\ScopeExit.h">
      <Filter>Core</Filter>
    </ClInclude>
    <ClInclude Include="Misc\ImageMergeHelper.h">
      <Filter>Misc</Filter>
    </ClInclude>
    <ClInclude Include="Platform\Windows\WindowsProcess.h">
      <Filter>Platform\Windows</Filter>
    </ClInclude>
    <ClInclude Include="DataStructure\Heap.h">
      <Filter>DataStructure</Filter>
    </ClInclude>
    <ClInclude Include="DataStructure\IntrList.h">
      <Filter>DataStructure</Filter>
    </ClInclude>
    <ClInclude Include="DataStructure\RedBlackTree.h">
      <Filter>DataStructure</Filter>
    </ClInclude>
    <ClInclude Include="DataStructure\SList.h">
      <Filter>DataStructure</Filter>
    </ClInclude>
    <ClInclude Include="DataStructure\TLinkable.h">
      <Filter>DataStructure</Filter>
    </ClInclude>
    <ClInclude Include="DataStructure\TUnsignedHash.h">
      <Filter>DataStructure</Filter>
    </ClInclude>
    <ClInclude Include="DataStructure\VertorSet.h">
      <Filter>DataStructure</Filter>
    </ClInclude>
    <ClInclude Include="DataStructure\CycleQueue.h">
      <Filter>DataStructure</Filter>
    </ClInclude>
    <ClInclude Include="DataStructure\FixVector.h">
      <Filter>DataStructure</Filter>
    </ClInclude>
    <ClInclude Include="DataStructure\HashMap.h">
      <Filter>DataStructure</Filter>
    </ClInclude>
    <ClInclude Include="DataStructure\TTable.h">
      <Filter>DataStructure</Filter>
    </ClInclude>
    <ClInclude Include="DataStructure\AVLTree.h">
      <Filter>DataStructure</Filter>
    </ClInclude>
    <ClInclude Include="DataStructure\Grid2D.h">
      <Filter>DataStructure</Filter>
    </ClInclude>
    <ClInclude Include="DataStructure\Array.h">
      <Filter>DataStructure</Filter>
    </ClInclude>
    <ClInclude Include="Core\MD5.h">
      <Filter>Core\Hash</Filter>
    </ClInclude>
    <ClInclude Include="Misc\Guid.h">
      <Filter>Misc</Filter>
    </ClInclude>
    <ClInclude Include="Template\StringView.h">
      <Filter>Template</Filter>
    </ClInclude>
    <ClInclude Include="Core\ThreadSafeCounter.h">
      <Filter>Core</Filter>
    </ClInclude>
    <ClInclude Include="RHI\ShaderCore.h">
      <Filter>RHI</Filter>
    </ClInclude>
    <ClInclude Include="RHI\TextureAtlas.h">
      <Filter>RHI</Filter>
    </ClInclude>
    <ClInclude Include="RHI\VertexFactory.h">
      <Filter>RHI</Filter>
    </ClInclude>
    <ClInclude Include="RHI\DrawUtility.h">
      <Filter>RHI</Filter>
    </ClInclude>
    <ClInclude Include="RHI\FrameGraph.h">
      <Filter>RHI</Filter>
    </ClInclude>
    <ClInclude Include="RHI\GpuProfiler.h">
      <Filter>RHI</Filter>
    </ClInclude>
    <ClInclude Include="RHI\LazyObject.h">
      <Filter>RHI</Filter>
    </ClInclude>
    <ClInclude Include="RHI\Material.h">
      <Filter>RHI</Filter>
    </ClInclude>
    <ClInclude Include="RHI\MeshUtility.h">
      <Filter>RHI</Filter>
    </ClInclude>
    <ClInclude Include="RHI\PrimitiveBatch.h">
      <Filter>RHI</Filter>
    </ClInclude>
    <ClInclude Include="RHI\RenderContext.h">
      <Filter>RHI</Filter>
    </ClInclude>
    <ClInclude Include="RHI\RHICommand.h">
      <Filter>RHI</Filter>
    </ClInclude>
    <ClInclude Include="RHI\RHICommon.h">
      <Filter>RHI</Filter>
    </ClInclude>
    <ClInclude Include="RHI\RHIDefine.h">
      <Filter>RHI</Filter>
    </ClInclude>
    <ClInclude Include="RHI\RHIGraphics2D.h">
      <Filter>RHI</Filter>
    </ClInclude>
    <ClInclude Include="RHI\Scene.h">
      <Filter>RHI</Filter>
    </ClInclude>
    <ClInclude Include="RHI\SceneObject.h">
      <Filter>RHI</Filter>
    </ClInclude>
    <ClInclude Include="RHI\SceneRenderer.h">
      <Filter>RHI</Filter>
    </ClInclude>
    <ClInclude Include="RHI\Font.h">
      <Filter>RHI</Filter>
    </ClInclude>
    <ClInclude Include="Hardware\GPUDeviceQuery.h">
      <Filter>Hardware</Filter>
    </ClInclude>
    <ClInclude Include="Platform\Windows\ComUtility.h">
      <Filter>Platform\Windows</Filter>
    </ClInclude>
    <ClInclude Include="RHI\MaterialShader.h">
      <Filter>RHI</Filter>
    </ClInclude>
    <ClInclude Include="RHI\GlobalShader.h">
      <Filter>RHI</Filter>
    </ClInclude>
    <ClInclude Include="RHI\OpenGLCommand.h">
      <Filter>RHI\OpenGL</Filter>
    </ClInclude>
    <ClInclude Include="RHI\D3D11Command.h">
      <Filter>RHI\D3D11</Filter>
    </ClInclude>
    <ClInclude Include="RHI\OpenGLCommon.h">
      <Filter>RHI\OpenGL</Filter>
    </ClInclude>
    <ClInclude Include="RHI\D3D11Common.h">
      <Filter>RHI\D3D11</Filter>
    </ClInclude>
    <ClInclude Include="DataStructure\KDTree.h">
      <Filter>DataStructure</Filter>
    </ClInclude>
    <ClInclude Include="Math\GeometryPrimitive.h">
      <Filter>Math</Filter>
    </ClInclude>
    <ClInclude Include="Math\PrimitiveTest.h">
      <Filter>Math</Filter>
    </ClInclude>
    <ClInclude Include="..\OtherLib\NvTriStrip\NvTriStrip.h">
      <Filter>OtherLib\NvTriStrip</Filter>
    </ClInclude>
    <ClInclude Include="..\OtherLib\NvTriStrip\NvTriStripObjects.h">
      <Filter>OtherLib\NvTriStrip</Filter>
    </ClInclude>
    <ClInclude Include="..\OtherLib\NvTriStrip\VertexCache.h">
      <Filter>OtherLib\NvTriStrip</Filter>
    </ClInclude>
    <ClInclude Include="..\OtherLib\NvTess\nvtess.h">
      <Filter>OtherLib\NvTess</Filter>
    </ClInclude>
    <ClInclude Include="..\OtherLib\tinyobjloader\tiny_obj_loader.h">
      <Filter>OtherLib</Filter>
    </ClInclude>
    <ClInclude Include="..\OtherLib\stb\stb_image.h">
      <Filter>OtherLib</Filter>
    </ClInclude>
    <ClInclude Include="Json.h">
      <Filter>標頭檔</Filter>
    </ClInclude>
    <ClInclude Include="GameFramework\EntityManager.h">
      <Filter>GameFramework\ECS</Filter>
    </ClInclude>
    <ClInclude Include="PlatformThread.h">
      <Filter>Platform</Filter>
    </ClInclude>
    <ClInclude Include="Core\LockFreeList.h">
      <Filter>Core</Filter>
    </ClInclude>
    <ClInclude Include="Core\StringConv.h">
      <Filter>Core\String</Filter>
    </ClInclude>
    <ClInclude Include="Template\TypeFormatTraits.h">
      <Filter>Template</Filter>
    </ClInclude>
    <ClInclude Include="DataStructure\ClassTree.h">
      <Filter>DataStructure</Filter>
    </ClInclude>
    <ClInclude Include="DataCacheInterface.h">
      <Filter>標頭檔</Filter>
    </ClInclude>
    <ClInclude Include="Serialize\DataStream.h">
      <Filter>Serialize</Filter>
    </ClInclude>
    <ClInclude Include="Serialize\DataBitSerialize.h">
      <Filter>Serialize</Filter>
    </ClInclude>
    <ClInclude Include="Serialize\StreamBuffer.h">
      <Filter>Serialize</Filter>
    </ClInclude>
    <ClInclude Include="Serialize\FileStream.h">
      <Filter>Serialize</Filter>
    </ClInclude>
    <ClInclude Include="Serialize\SerializeFwd.h">
      <Filter>Serialize</Filter>
    </ClInclude>
    <ClInclude Include="RHI\RHIGlobalResource.h">
      <Filter>RHI</Filter>
    </ClInclude>
    <ClInclude Include="RHI\RHICommandListImpl.h">
      <Filter>RHI</Filter>
    </ClInclude>
    <ClInclude Include="RHI\ShaderProgram.h">
      <Filter>RHI</Filter>
    </ClInclude>
    <ClInclude Include="RHI\ShaderManager.h">
      <Filter>RHI</Filter>
    </ClInclude>
    <ClInclude Include="RHI\ShaderFormat.h">
      <Filter>RHI</Filter>
    </ClInclude>
    <ClInclude Include="RHI\D3D11ShaderCommon.h">
      <Filter>RHI\D3D11</Filter>
    </ClInclude>
    <ClInclude Include="RHI\OpenGLShaderCommon.h">
      <Filter>RHI\OpenGL</Filter>
    </ClInclude>
    <ClInclude Include="Core\CRC.h">
      <Filter>Core</Filter>
    </ClInclude>
    <ClInclude Include="RHI\RHIType.h">
      <Filter>RHI</Filter>
    </ClInclude>
    <ClInclude Include="RHI\SimpleRenderState.h">
      <Filter>RHI</Filter>
    </ClInclude>
    <ClInclude Include="Core\CRTPCheck.h">
      <Filter>Core</Filter>
    </ClInclude>
    <ClInclude Include="Math\GeometryAlgo2D.h">
      <Filter>Math</Filter>
    </ClInclude>
    <ClInclude Include="Math\TVector2.h">
      <Filter>Math</Filter>
    </ClInclude>
    <ClInclude Include="Math\TVector3.h">
      <Filter>Math</Filter>
    </ClInclude>
    <ClInclude Include="Math\TVector4.h">
      <Filter>Math</Filter>
    </ClInclude>
    <ClInclude Include="Meta\MetaBase.h">
      <Filter>Meta</Filter>
    </ClInclude>
    <ClInclude Include="Meta\MetaFunction.h">
      <Filter>Meta</Filter>
    </ClInclude>
    <ClInclude Include="Meta\MetaTypeList.h">
      <Filter>Meta</Filter>
    </ClInclude>
    <ClInclude Include="Image\ImageData.h">
      <Filter>Image</Filter>
    </ClInclude>
    <ClInclude Include="Image\GIFLoader.h">
      <Filter>Image</Filter>
    </ClInclude>
    <ClInclude Include="FunctionTraits.h">
      <Filter>標頭檔</Filter>
    </ClInclude>
    <ClInclude Include="Math\Matrix2.h">
      <Filter>Math</Filter>
    </ClInclude>
    <ClInclude Include="Core\TypeHash.h">
      <Filter>Core</Filter>
    </ClInclude>
    <ClInclude Include="RHI\RHITraceScope.h">
      <Filter>RHI</Filter>
    </ClInclude>
    <ClInclude Include="RHI\D3D12Command.h">
      <Filter>RHI\D3D12</Filter>
    </ClInclude>
    <ClInclude Include="RHI\D3D12Common.h">
      <Filter>RHI\D3D12</Filter>
    </ClInclude>
    <ClInclude Include="RHI\D3D12ShaderCommon.h">
      <Filter>RHI\D3D12</Filter>
    </ClInclude>
    <ClInclude Include="Image\ImageProcessing.h">
      <Filter>Image</Filter>
    </ClInclude>
    <ClInclude Include="RHI\VulkanCommand.h">
      <Filter>RHI\Vulkan</Filter>
    </ClInclude>
    <ClInclude Include="RHI\VulkanCommon.h">
      <Filter>RHI\Vulkan</Filter>
    </ClInclude>
    <ClInclude Include="EasingFunction.h">
      <Filter>Utility</Filter>
    </ClInclude>
    <ClInclude Include="Meta\IsBaseOf.h">
      <Filter>Meta</Filter>
    </ClInclude>
    <ClInclude Include="Meta\Select.h">
      <Filter>Meta</Filter>
    </ClInclude>
    <ClInclude Include="Meta\FunctionCall.h">
      <Filter>Meta</Filter>
    </ClInclude>
    <ClInclude Include="Meta\EnableIf.h">
      <Filter>Meta</Filter>
    </ClInclude>
    <ClInclude Include="Reflection\ReflectClass.h">
      <Filter>Reflection</Filter>
    </ClInclude>
    <ClInclude Include="Template\StaticString.h">
      <Filter>Template</Filter>
    </ClInclude>
    <ClInclude Include="Meta\IndexList.h">
      <Filter>Meta</Filter>
    </ClInclude>
    <ClInclude Include="AssetViewer.h">
      <Filter>DataManage</Filter>
    </ClInclude>
    <ClInclude Include="RHI\VulkanShaderCommon.h">
      <Filter>RHI\Vulkan</Filter>
    </ClInclude>
    <ClInclude Include="..\OtherLib\SpirvReflect\spirv_reflect.h">
      <Filter>OtherLib\SpirvReflect</Filter>
    </ClInclude>
    <ClInclude Include="RHI\MeshImportor.h">
      <Filter>RHI</Filter>
    </ClInclude>
    <ClInclude Include="Renderer\RenderTransform2D.h">
      <Filter>Renderer</Filter>
    </ClInclude>
    <ClInclude Include="Renderer\BatchedRender2D.h">
      <Filter>Renderer</Filter>
    </ClInclude>
    <ClInclude Include="Template\Optional.h">
      <Filter>Template</Filter>
    </ClInclude>
  </ItemGroup>
  <ItemGroup>
    <None Include="ObjectHandle.cpp">
      <Filter>temp</Filter>
    </None>
  </ItemGroup>
  <ItemGroup>
    <Text Include="..\OtherLib\NvTriStrip\README.txt">
      <Filter>OtherLib\NvTriStrip</Filter>
    </Text>
    <Text Include="RHI\VulkanDevice.h">
      <Filter>RHI\Vulkan</Filter>
    </Text>
  </ItemGroup>
</Project>