<?xml version="1.0" encoding="utf-8"?>
<Project ToolsVersion="4.0" xmlns="http://schemas.microsoft.com/developer/msbuild/2003">
  <ItemGroup>
    <Filter Include="OtherLib">
      <UniqueIdentifier>{0d1f085b-0039-4274-b0fc-927a9fa884fa}</UniqueIdentifier>
    </Filter>
    <Filter Include="OtherLib\ImGui">
      <UniqueIdentifier>{51fa8093-0356-4bfa-b6bb-001aaa9987d3}</UniqueIdentifier>
    </Filter>
    <Filter Include="OtherLib\ImGui\Backends">
      <UniqueIdentifier>{0ed0289d-155d-4b1d-a61d-f8a00b71acb2}</UniqueIdentifier>
    </Filter>
    <Filter Include="Widget">
      <UniqueIdentifier>{f03ef978-d0d8-4f45-846f-2c48df63eacd}</UniqueIdentifier>
    </Filter>
    <Filter Include="ShaderGraph">
      <UniqueIdentifier>{a4e99651-9dca-47c5-a5af-19a6b8ae165b}</UniqueIdentifier>
    </Filter>
    <Filter Include="OtherLib\ImNodeEditor">
      <UniqueIdentifier>{e05c8a22-c2da-48be-88c2-5651d4f4ef84}</UniqueIdentifier>
    </Filter>
  </ItemGroup>
  <ItemGroup>
    <ClInclude Include="..\OtherLib\ImGui\imconfig.h">
      <Filter>OtherLib\ImGui</Filter>
    </ClInclude>
    <ClInclude Include="..\OtherLib\ImGui\imgui.h">
      <Filter>OtherLib\ImGui</Filter>
    </ClInclude>
    <ClInclude Include="..\OtherLib\ImGui\imgui_internal.h">
      <Filter>OtherLib\ImGui</Filter>
    </ClInclude>
    <ClInclude Include="..\OtherLib\ImGui\imstb_rectpack.h">
      <Filter>OtherLib\ImGui</Filter>
    </ClInclude>
    <ClInclude Include="..\OtherLib\ImGui\imstb_textedit.h">
      <Filter>OtherLib\ImGui</Filter>
    </ClInclude>
    <ClInclude Include="..\OtherLib\ImGui\imstb_truetype.h">
      <Filter>OtherLib\ImGui</Filter>
    </ClInclude>
    <ClInclude Include="Editor.h" />
    <ClInclude Include="..\OtherLib\ImGui\backends\imgui_impl_dx11.h">
      <Filter>OtherLib\ImGui\Backends</Filter>
    </ClInclude>
    <ClInclude Include="..\OtherLib\ImGui\backends\imgui_impl_win32.h">
      <Filter>OtherLib\ImGui\Backends</Filter>
    </ClInclude>
    <ClInclude Include="EditorPanel.h" />
    <ClInclude Include="Widget\ConsolePanel.h">
      <Filter>Widget</Filter>
    </ClInclude>
    <ClInclude Include="Widget\ContentPanel.h">
      <Filter>Widget</Filter>
    </ClInclude>
    <ClInclude Include="EditorUtils.h" />
    <ClInclude Include="Widget\GameViewportPanel.h">
      <Filter>Widget</Filter>
    </ClInclude>
    <ClInclude Include="EditorConfig.h" />
    <ClInclude Include="Widget\ShaderGraphPanel.h">
      <Filter>Widget</Filter>
    </ClInclude>
    <ClInclude Include="..\OtherLib\ImNodeEditor\crude_json.h">
      <Filter>OtherLib\ImNodeEditor</Filter>
    </ClInclude>
    <ClInclude Include="..\OtherLib\ImNodeEditor\imgui_bezier_math.h">
      <Filter>OtherLib\ImNodeEditor</Filter>
    </ClInclude>
    <ClInclude Include="..\OtherLib\ImNodeEditor\imgui_canvas.h">
      <Filter>OtherLib\ImNodeEditor</Filter>
    </ClInclude>
    <ClInclude Include="..\OtherLib\ImNodeEditor\imgui_extra_math.h">
      <Filter>OtherLib\ImNodeEditor</Filter>
    </ClInclude>
    <ClInclude Include="..\OtherLib\ImNodeEditor\imgui_node_editor.h">
      <Filter>OtherLib\ImNodeEditor</Filter>
    </ClInclude>
    <ClInclude Include="..\OtherLib\ImNodeEditor\imgui_node_editor_internal.h">
      <Filter>OtherLib\ImNodeEditor</Filter>
    </ClInclude>
    <ClInclude Include="ShaderGraph\ShaderGraph.h">
      <Filter>ShaderGraph</Filter>
    </ClInclude>
    <ClInclude Include="Widget\ProfilerPanel.h">
      <Filter>Widget</Filter>
    </ClInclude>
    <ClInclude Include="Widget\DetailViewPanel.h">
      <Filter>Widget</Filter>
    </ClInclude>
    <ClInclude Include="Widget\TextureViewerPanel.h">
      <Filter>Widget</Filter>
    </ClInclude>
    <ClInclude Include="..\OtherLib\ImGui\backends\imgui_impl_dx12.h">
      <Filter>OtherLib\ImGui\Backends</Filter>
    </ClInclude>
  </ItemGroup>
  <ItemGroup>
    <ClCompile Include="..\OtherLib\ImGui\imgui.cpp">
      <Filter>OtherLib\ImGui</Filter>
    </ClCompile>
    <ClCompile Include="..\OtherLib\ImGui\imgui_demo.cpp">
      <Filter>OtherLib\ImGui</Filter>
    </ClCompile>
    <ClCompile Include="..\OtherLib\ImGui\imgui_draw.cpp">
      <Filter>OtherLib\ImGui</Filter>
    </ClCompile>
    <ClCompile Include="..\OtherLib\ImGui\imgui_tables.cpp">
      <Filter>OtherLib\ImGui</Filter>
    </ClCompile>
    <ClCompile Include="..\OtherLib\ImGui\imgui_widgets.cpp">
      <Filter>OtherLib\ImGui</Filter>
    </ClCompile>
    <ClCompile Include="Editor.cpp" />
    <ClCompile Include="..\OtherLib\ImGui\backends\imgui_impl_dx11.cpp">
      <Filter>OtherLib\ImGui\Backends</Filter>
    </ClCompile>
    <ClCompile Include="..\OtherLib\ImGui\backends\imgui_impl_win32.cpp">
      <Filter>OtherLib\ImGui\Backends</Filter>
    </ClCompile>
    <ClCompile Include="EditorPanel.cpp" />
    <ClCompile Include="Widget\ConsolePanel.cpp">
      <Filter>Widget</Filter>
    </ClCompile>
    <ClCompile Include="Widget\ContentPanel.cpp">
      <Filter>Widget</Filter>
    </ClCompile>
    <ClCompile Include="EditorUtils.cpp" />
    <ClCompile Include="Widget\GameViewportPanel.cpp">
      <Filter>Widget</Filter>
    </ClCompile>
    <ClCompile Include="Widget\ShaderGraphPanel.cpp">
      <Filter>Widget</Filter>
    </ClCompile>
    <ClCompile Include="..\OtherLib\ImNodeEditor\crude_json.cpp">
      <Filter>OtherLib\ImNodeEditor</Filter>
    </ClCompile>
    <ClCompile Include="..\OtherLib\ImNodeEditor\imgui_canvas.cpp">
      <Filter>OtherLib\ImNodeEditor</Filter>
    </ClCompile>
    <ClCompile Include="..\OtherLib\ImNodeEditor\imgui_node_editor.cpp">
      <Filter>OtherLib\ImNodeEditor</Filter>
    </ClCompile>
    <ClCompile Include="..\OtherLib\ImNodeEditor\imgui_node_editor_api.cpp">
      <Filter>OtherLib\ImNodeEditor</Filter>
    </ClCompile>
    <ClCompile Include="ShaderGraph\ShaderGraph.cpp">
      <Filter>ShaderGraph</Filter>
    </ClCompile>
    <ClCompile Include="Widget\ProfilerPanel.cpp">
      <Filter>Widget</Filter>
    </ClCompile>
    <ClCompile Include="Widget\DetailViewPanel.cpp">
      <Filter>Widget</Filter>
    </ClCompile>
    <ClCompile Include="Widget\TextureViewerPanel.cpp">
      <Filter>Widget</Filter>
    </ClCompile>
    <ClCompile Include="..\OtherLib\ImGui\backends\imgui_impl_dx12.cpp">
      <Filter>OtherLib\ImGui\Backends</Filter>
    </ClCompile>
  </ItemGroup>
  <ItemGroup>
    <None Include="..\OtherLib\ImNodeEditor\imgui_bezier_math.inl">
      <Filter>OtherLib\ImNodeEditor</Filter>
    </None>
    <None Include="..\OtherLib\ImNodeEditor\imgui_extra_math.inl">
      <Filter>OtherLib\ImNodeEditor</Filter>
    </None>
    <None Include="..\OtherLib\ImNodeEditor\imgui_node_editor_internal.inl">
      <Filter>OtherLib\ImNodeEditor</Filter>
    </None>
  </ItemGroup>
</Project>