<?xml version="1.0" encoding="utf-8"?>
<Project ToolsVersion="4.0" xmlns="http://schemas.microsoft.com/developer/msbuild/2003">
  <ItemGroup>
    <Filter Include="FCSolver">
      <UniqueIdentifier>{382a7ccf-a11c-4e42-9c89-56bb19ec8df0}</UniqueIdentifier>
    </Filter>
  </ItemGroup>
  <ItemGroup>
    <ClCompile Include="..\OtherLib\FCSolver\AFreecellGameBoard.cpp">
      <Filter>FCSolver</Filter>
    </ClCompile>
    <ClCompile Include="..\OtherLib\FCSolver\FCCommandLineArguments.cpp">
      <Filter>FCSolver</Filter>
    </ClCompile>
    <ClCompile Include="..\OtherLib\FCSolver\FCCompactState.cpp">
      <Filter>FCSolver</Filter>
    </ClCompile>
    <ClCompile Include="..\OtherLib\FCSolver\FCDebugState.cpp">
      <Filter>FCSolver</Filter>
    </ClCompile>
    <ClCompile Include="..\OtherLib\FCSolver\FCIndirectState.cpp">
      <Filter>FCSolver</Filter>
    </ClCompile>
    <ClCompile Include="..\OtherLib\FCSolver\FCPresets.cpp">
      <Filter>FCSolver</Filter>
    </ClCompile>
    <ClCompile Include="..\OtherLib\FCSolver\FCSCard.cpp">
      <Filter>FCSolver</Filter>
    </ClCompile>
    <ClCompile Include="..\OtherLib\FCSolver\FCSCompactMove.cpp">
      <Filter>FCSolver</Filter>
    </ClCompile>
    <ClCompile Include="..\OtherLib\FCSolver\FCSDebugDisplayInfo.cpp">
      <Filter>FCSolver</Filter>
    </ClCompile>
    <ClCompile Include="..\OtherLib\FCSolver\FCSDebugMove.cpp">
      <Filter>FCSolver</Filter>
    </ClCompile>
    <ClCompile Include="..\OtherLib\FCSolver\FCSDerivedStates.cpp">
      <Filter>FCSolver</Filter>
    </ClCompile>
    <ClCompile Include="..\OtherLib\FCSolver\FCSFreecellAlgorithm.cpp">
      <Filter>FCSolver</Filter>
    </ClCompile>
    <ClCompile Include="..\OtherLib\FCSolver\FCSFreecellData.cpp">
      <Filter>FCSolver</Filter>
    </ClCompile>
    <ClCompile Include="..\OtherLib\FCSolver\FCSFreecellSolvingAlgorithm.cpp">
      <Filter>FCSolver</Filter>
    </ClCompile>
    <ClCompile Include="..\OtherLib\FCSolver\FCSMove.cpp">
      <Filter>FCSolver</Filter>
    </ClCompile>
    <ClCompile Include="..\OtherLib\FCSolver\FCSRandom.cpp">
      <Filter>FCSolver</Filter>
    </ClCompile>
    <ClCompile Include="..\OtherLib\FCSolver\FCSSimpleSimonSolvingAlgorithm.cpp">
      <Filter>FCSolver</Filter>
    </ClCompile>
    <ClCompile Include="..\OtherLib\FCSolver\FCSStackStorage.cpp">
      <Filter>FCSolver</Filter>
    </ClCompile>
    <ClCompile Include="..\OtherLib\FCSolver\FCSStateStorage.cpp">
      <Filter>FCSolver</Filter>
    </ClCompile>
    <ClCompile Include="..\OtherLib\FCSolver\FCSTalonSolvingAlgorithm.cpp">
      <Filter>FCSolver</Filter>
    </ClCompile>
    <ClCompile Include="..\OtherLib\FCSolver\FCSTalonStateWithLocations.cpp">
      <Filter>FCSolver</Filter>
    </ClCompile>
    <ClCompile Include="..\OtherLib\FCSolver\FCState.cpp">
      <Filter>FCSolver</Filter>
    </ClCompile>
    <ClCompile Include="..\OtherLib\FCSolver\FCTalonState.cpp">
      <Filter>FCSolver</Filter>
    </ClCompile>
    <ClCompile Include="..\OtherLib\FCSolver\MainGameFunctions.cpp">
      <Filter>FCSolver</Filter>
    </ClCompile>
    <ClCompile Include="..\OtherLib\FCSolver\MD5Hash.cpp">
      <Filter>FCSolver</Filter>
    </ClCompile>
    <ClCompile Include="..\OtherLib\FCSolver\MiscFreecellGameBoards.cpp">
      <Filter>FCSolver</Filter>
    </ClCompile>
    <ClCompile Include="..\OtherLib\FCSolver\PysolGameBoards.cpp">
      <Filter>FCSolver</Filter>
    </ClCompile>
    <ClCompile Include="..\OtherLib\FCSolver\TestAVLRedBlackTree.cpp">
      <Filter>FCSolver</Filter>
    </ClCompile>
    <ClCompile Include="..\OtherLib\FCSolver\TestCommandLine.cpp">
      <Filter>FCSolver</Filter>
    </ClCompile>
    <ClCompile Include="..\OtherLib\FCSolver\TestSolvingAlgorithms.cpp">
      <Filter>FCSolver</Filter>
    </ClCompile>
    <ClCompile Include="Poker\Big2Level.cpp" />
    <ClCompile Include="Poker\Big2Scene.cpp" />
    <ClCompile Include="Poker\Big2Stage.cpp" />
    <ClCompile Include="Poker\Big2Utility.cpp" />
    <ClCompile Include="Poker\CardDraw.cpp" />
    <ClCompile Include="Poker\FreeCell.cpp" />
    <ClCompile Include="Poker\FreeCellStage.cpp" />
    <ClCompile Include="Poker\Holdemlevel.cpp" />
    <ClCompile Include="Poker\HoldemScene.cpp" />
    <ClCompile Include="Poker\HoldemStage.cpp" />
    <ClCompile Include="Poker\libcards.cpp" />
    <ClCompile Include="Poker\PokerGame.cpp" />
  </ItemGroup>
  <ItemGroup>
    <ClInclude Include="..\OtherLib\FCSolver\AFreecellGameBoard.h">
      <Filter>FCSolver</Filter>
    </ClInclude>
    <ClInclude Include="..\OtherLib\FCSolver\AGenericHash.h">
      <Filter>FCSolver</Filter>
    </ClInclude>
    <ClInclude Include="..\OtherLib\FCSolver\AGenericTree.h">
      <Filter>FCSolver</Filter>
    </ClInclude>
    <ClInclude Include="..\OtherLib\FCSolver\AVLNode.h">
      <Filter>FCSolver</Filter>
    </ClInclude>
    <ClInclude Include="..\OtherLib\FCSolver\AVLRedBlackNode.h">
      <Filter>FCSolver</Filter>
    </ClInclude>
    <ClInclude Include="..\OtherLib\FCSolver\AVLRedBlackTree.h">
      <Filter>FCSolver</Filter>
    </ClInclude>
    <ClInclude Include="..\OtherLib\FCSolver\AVLTree.h">
      <Filter>FCSolver</Filter>
    </ClInclude>
    <ClInclude Include="..\OtherLib\FCSolver\CompareAlgorithms.h">
      <Filter>FCSolver</Filter>
    </ClInclude>
    <ClInclude Include="..\OtherLib\FCSolver\Config.h">
      <Filter>FCSolver</Filter>
    </ClInclude>
    <ClInclude Include="..\OtherLib\FCSolver\FCCommandLineArguments.h">
      <Filter>FCSolver</Filter>
    </ClInclude>
    <ClInclude Include="..\OtherLib\FCSolver\FCCompactState.h">
      <Filter>FCSolver</Filter>
    </ClInclude>
    <ClInclude Include="..\OtherLib\FCSolver\FCDebugState.h">
      <Filter>FCSolver</Filter>
    </ClInclude>
    <ClInclude Include="..\OtherLib\FCSolver\FCEnums.h">
      <Filter>FCSolver</Filter>
    </ClInclude>
    <ClInclude Include="..\OtherLib\FCSolver\FCHelpingAlgorithms.h">
      <Filter>FCSolver</Filter>
    </ClInclude>
    <ClInclude Include="..\OtherLib\FCSolver\FCIndirectState.h">
      <Filter>FCSolver</Filter>
    </ClInclude>
    <ClInclude Include="..\OtherLib\FCSolver\FCInternalHash.h">
      <Filter>FCSolver</Filter>
    </ClInclude>
    <ClInclude Include="..\OtherLib\FCSolver\FCPresets.h">
      <Filter>FCSolver</Filter>
    </ClInclude>
    <ClInclude Include="..\OtherLib\FCSolver\FCSAStarSolvingAlgorithm.h">
      <Filter>FCSolver</Filter>
    </ClInclude>
    <ClInclude Include="..\OtherLib\FCSolver\FCSBFSSolvingAlgorithm.h">
      <Filter>FCSolver</Filter>
    </ClInclude>
    <ClInclude Include="..\OtherLib\FCSolver\FCSCard.h">
      <Filter>FCSolver</Filter>
    </ClInclude>
    <ClInclude Include="..\OtherLib\FCSolver\FCSCompactMove.h">
      <Filter>FCSolver</Filter>
    </ClInclude>
    <ClInclude Include="..\OtherLib\FCSolver\FCSCompactStateWithLocations.h">
      <Filter>FCSolver</Filter>
    </ClInclude>
    <ClInclude Include="..\OtherLib\FCSolver\FCSDebugDisplayInfo.h">
      <Filter>FCSolver</Filter>
    </ClInclude>
    <ClInclude Include="..\OtherLib\FCSolver\FCSDebugMove.h">
      <Filter>FCSolver</Filter>
    </ClInclude>
    <ClInclude Include="..\OtherLib\FCSolver\FCSDebugStateWithLocations.h">
      <Filter>FCSolver</Filter>
    </ClInclude>
    <ClInclude Include="..\OtherLib\FCSolver\FCSDerivedStates.h">
      <Filter>FCSolver</Filter>
    </ClInclude>
    <ClInclude Include="..\OtherLib\FCSolver\FCSDFSSolvingAlgorithm.h">
      <Filter>FCSolver</Filter>
    </ClInclude>
    <ClInclude Include="..\OtherLib\FCSolver\FCSFreecellAlgorithm.h">
      <Filter>FCSolver</Filter>
    </ClInclude>
    <ClInclude Include="..\OtherLib\FCSolver\FCSFreecellData.h">
      <Filter>FCSolver</Filter>
    </ClInclude>
    <ClInclude Include="..\OtherLib\FCSolver\FCSFreecellSolvingAlgorithm.h">
      <Filter>FCSolver</Filter>
    </ClInclude>
    <ClInclude Include="..\OtherLib\FCSolver\FCSIndirectStateCompareAlgorithm.h">
      <Filter>FCSolver</Filter>
    </ClInclude>
    <ClInclude Include="..\OtherLib\FCSolver\FCSIndirectStateWithLocations.h">
      <Filter>FCSolver</Filter>
    </ClInclude>
    <ClInclude Include="..\OtherLib\FCSolver\FCSMove.h">
      <Filter>FCSolver</Filter>
    </ClInclude>
    <ClInclude Include="..\OtherLib\FCSolver\FCSOptimizeSolvingAlgorithm.h">
      <Filter>FCSolver</Filter>
    </ClInclude>
    <ClInclude Include="..\OtherLib\FCSolver\FCSRandom.h">
      <Filter>FCSolver</Filter>
    </ClInclude>
    <ClInclude Include="..\OtherLib\FCSolver\FCSRandomDFSSolvingAlgorithm.h">
      <Filter>FCSolver</Filter>
    </ClInclude>
    <ClInclude Include="..\OtherLib\FCSolver\FCSSimpleSimonSolvingAlgorithm.h">
      <Filter>FCSolver</Filter>
    </ClInclude>
    <ClInclude Include="..\OtherLib\FCSolver\FCSSoftDFSSolvingAlgorithm.h">
      <Filter>FCSolver</Filter>
    </ClInclude>
    <ClInclude Include="..\OtherLib\FCSolver\FCSStackStorage.h">
      <Filter>FCSolver</Filter>
    </ClInclude>
    <ClInclude Include="..\OtherLib\FCSolver\FCSStateStorage.h">
      <Filter>FCSolver</Filter>
    </ClInclude>
    <ClInclude Include="..\OtherLib\FCSolver\FCSStateWithLocationsMatrix.h">
      <Filter>FCSolver</Filter>
    </ClInclude>
    <ClInclude Include="..\OtherLib\FCSolver\FCSTalonSolvingAlgorithm.h">
      <Filter>FCSolver</Filter>
    </ClInclude>
    <ClInclude Include="..\OtherLib\FCSolver\FCSTalonStateWithLocations.h">
      <Filter>FCSolver</Filter>
    </ClInclude>
    <ClInclude Include="..\OtherLib\FCSolver\FCState.h">
      <Filter>FCSolver</Filter>
    </ClInclude>
    <ClInclude Include="..\OtherLib\FCSolver\FCTalonState.h">
      <Filter>FCSolver</Filter>
    </ClInclude>
    <ClInclude Include="..\OtherLib\FCSolver\GLIBHash.h">
      <Filter>FCSolver</Filter>
    </ClInclude>
    <ClInclude Include="..\OtherLib\FCSolver\GLIBNode.h">
      <Filter>FCSolver</Filter>
    </ClInclude>
    <ClInclude Include="..\OtherLib\FCSolver\GLIBTree.h">
      <Filter>FCSolver</Filter>
    </ClInclude>
    <ClInclude Include="..\OtherLib\FCSolver\HashAlgorithms.h">
      <Filter>FCSolver</Filter>
    </ClInclude>
    <ClInclude Include="..\OtherLib\FCSolver\MainGameFunctions.h">
      <Filter>FCSolver</Filter>
    </ClInclude>
    <ClInclude Include="..\OtherLib\FCSolver\MD5Hash.h">
      <Filter>FCSolver</Filter>
    </ClInclude>
    <ClInclude Include="..\OtherLib\FCSolver\MiscFreecellGameBoards.h">
      <Filter>FCSolver</Filter>
    </ClInclude>
    <ClInclude Include="..\OtherLib\FCSolver\PriorityQueue.h">
      <Filter>FCSolver</Filter>
    </ClInclude>
    <ClInclude Include="..\OtherLib\FCSolver\PysolGameBoards.h">
      <Filter>FCSolver</Filter>
    </ClInclude>
    <ClInclude Include="..\OtherLib\FCSolver\RedBlackNode.h">
      <Filter>FCSolver</Filter>
    </ClInclude>
    <ClInclude Include="..\OtherLib\FCSolver\RedBlackTree.h">
      <Filter>FCSolver</Filter>
    </ClInclude>
    <ClInclude Include="..\OtherLib\FCSolver\SearchAlgorithms.h">
      <Filter>FCSolver</Filter>
    </ClInclude>
    <ClInclude Include="..\OtherLib\FCSolver\TestAVLRedBlackTree.h">
      <Filter>FCSolver</Filter>
    </ClInclude>
    <ClInclude Include="..\OtherLib\FCSolver\TestCommandLine.h">
      <Filter>FCSolver</Filter>
    </ClInclude>
    <ClInclude Include="..\OtherLib\FCSolver\TestSolvingAlgorithms.h">
      <Filter>FCSolver</Filter>
    </ClInclude>
    <ClInclude Include="Poker\Big2Level.h" />
    <ClInclude Include="Poker\Big2Scene.h" />
    <ClInclude Include="Poker\Big2Stage.h" />
    <ClInclude Include="Poker\Big2Utility.h" />
    <ClInclude Include="Poker\CardDraw.h" />
    <ClInclude Include="Poker\FreeCell.h" />
    <ClInclude Include="Poker\FreeCellSolver.h" />
    <ClInclude Include="Poker\FreeCellStage.h" />
    <ClInclude Include="Poker\HoldemLevel.h" />
    <ClInclude Include="Poker\HoldemScene.h" />
    <ClInclude Include="Poker\HoldemStage.h" />
    <ClInclude Include="Poker\libcards.h" />
    <ClInclude Include="Poker\PokerBase.h" />
    <ClInclude Include="Poker\PokerGame.h" />
  </ItemGroup>
</Project>