<?xml version="1.0" encoding="utf-8"?>
<Project ToolsVersion="4.0" xmlns="http://schemas.microsoft.com/developer/msbuild/2003">
  <ItemGroup>
    <ClCompile Include="TestWorking\TestWorking.cpp" />
    <ClCompile Include="TestWorking\TestWorkingPCH.cpp" />
    <ClCompile Include="Chess\ChessCore.cpp">
      <Filter>GameChess</Filter>
    </ClCompile>
    <ClCompile Include="TestRender\Stage\ChessTestStage.cpp">
      <Filter>GameChess</Filter>
    </ClCompile>
    <ClCompile Include="StoneBlocks\SBlocksSolver.cpp">
      <Filter>GameStoneBlocks</Filter>
    </ClCompile>
    <ClCompile Include="StoneBlocks\SBlocksStage.cpp">
      <Filter>GameStoneBlocks</Filter>
    </ClCompile>
    <ClCompile Include="StoneBlocks\SBlocksCore.cpp">
      <Filter>GameStoneBlocks</Filter>
    </ClCompile>
    <ClCompile Include="Life\LifeStage.cpp">
      <Filter>GameLife</Filter>
    </ClCompile>
    <ClCompile Include="Life\GollyFile.cpp">
      <Filter>GameLife</Filter>
    </ClCompile>
    <ClCompile Include="Life\ChunkAlgo.cpp">
      <Filter>GameLife\Algorithms</Filter>
    </ClCompile>
    <ClCompile Include="Life\SimpleAlgo.cpp">
      <Filter>GameLife\Algorithms</Filter>
    </ClCompile>
    <ClCompile Include="FlowFree\FlowFreeGameStage.cpp">
      <Filter>GameFlowFree</Filter>
    </ClCompile>
    <ClCompile Include="FlowFree\FlowFreeLevel.cpp">
      <Filter>GameFlowFree</Filter>
    </ClCompile>
    <ClCompile Include="FlowFree\FlowFreeLevelReader.cpp">
      <Filter>GameFlowFree</Filter>
    </ClCompile>
    <ClCompile Include="FlowFree\FlowFreeSolver.cpp">
      <Filter>GameFlowFree</Filter>
    </ClCompile>
    <ClCompile Include="Sudoku\SudokuStage.cpp">
      <Filter>GameSudoku</Filter>
    </ClCompile>
    <ClCompile Include="Transport\TPStage.cpp">
      <Filter>GameTransport</Filter>
    </ClCompile>
    <ClCompile Include="Factorio\FIOStage.cpp">
      <Filter>GameFactorio</Filter>
    </ClCompile>
    <ClCompile Include="TestMisc\Stage\AgarStage.cpp">
      <Filter>Stage</Filter>
    </ClCompile>
    <ClCompile Include="StoneBlocks\SBlocksLevel.cpp">
      <Filter>GameStoneBlocks</Filter>
    </ClCompile>
    <ClCompile Include="StoneBlocks\SBlocksEditor.cpp">
      <Filter>GameStoneBlocks</Filter>
    </ClCompile>
    <ClCompile Include="TestMisc\Stage\Plot2DStage.cpp">
      <Filter>Stage</Filter>
    </ClCompile>
    <ClCompile Include="TestMisc\Stage\CollatzTreeStage.cpp">
      <Filter>Stage</Filter>
    </ClCompile>
    <ClCompile Include="TestRender\Stage\FluidRenderingStage.cpp">
      <Filter>Stage</Filter>
    </ClCompile>
    <ClCompile Include="TestRender\Stage\MetaballRenderingStage.cpp">
      <Filter>Stage</Filter>
    </ClCompile>
    <ClCompile Include="TestRender\Stage\MathArtStage.cpp">
      <Filter>Stage</Filter>
    </ClCompile>
    <ClCompile Include="TestRender\Stage\MultiViewOnePassTest.cpp">
      <Filter>Stage</Filter>
    </ClCompile>
    <ClCompile Include="TestMisc\Stage\QuixoStage.cpp">
      <Filter>Stage</Filter>
    </ClCompile>
    <ClCompile Include="AppleSnake\AppleSnakeStage.cpp">
      <Filter>GameAppleSnake</Filter>
    </ClCompile>
    <ClCompile Include="AppleSnake\AppleSnakeLevel.cpp">
      <Filter>GameAppleSnake</Filter>
    </ClCompile>
    <ClCompile Include="..\Engine\Collision2D\Bsp2D.cpp" />
    <ClCompile Include="TestMisc\Stage\Bsp2DStage.cpp">
      <Filter>Stage</Filter>
    </ClCompile>
    <ClCompile Include="StoreSim\StoreSimStage.cpp">
      <Filter>GameStoreSim</Filter>
    </ClCompile>
    <ClCompile Include="StoreSim\StoreSimNav.cpp">
      <Filter>GameStoreSim</Filter>
    </ClCompile>
    <ClCompile Include="StoreSim\StoreSimCore.cpp">
      <Filter>GameStoreSim</Filter>
    </ClCompile>
    <ClCompile Include="StoreSim\StoreSimSerialize.cpp">
      <Filter>GameStoreSim</Filter>
    </ClCompile>
    <ClCompile Include="TestMisc\Stage\SRPGTestStage.cpp">
      <Filter>Stage</Filter>
    </ClCompile>
    <ClCompile Include="TestMisc\Stage\TwentyFortyEightStage.cpp">
      <Filter>Stage</Filter>
    </ClCompile>
    <ClCompile Include="TestMisc\Stage\VideoPlayStage.cpp">
      <Filter>Stage</Filter>
    </ClCompile>
    <ClCompile Include="TestMisc\Stage\AnimeGANStage.cpp">
      <Filter>Stage</Filter>
    </ClCompile>
    <ClCompile Include="TFWR\LuaInspector.cpp">
      <Filter>GameTFWR</Filter>
    </ClCompile>
    <ClCompile Include="TFWR\TFWRCore.cpp">
      <Filter>GameTFWR</Filter>
    </ClCompile>
    <ClCompile Include="TFWR\TFWREntities.cpp">
      <Filter>GameTFWR</Filter>
    </ClCompile>
    <ClCompile Include="TFWR\TFWRGameAPI.cpp">
      <Filter>GameTFWR</Filter>
    </ClCompile>
    <ClCompile Include="TFWR\TFWRGameLogic.cpp">
      <Filter>GameTFWR</Filter>
    </ClCompile>
    <ClCompile Include="TFWR\TFWRScript.cpp">
      <Filter>GameTFWR</Filter>
    </ClCompile>
    <ClCompile Include="TFWR\TFWRStage.cpp">
      <Filter>GameTFWR</Filter>
    </ClCompile>
    <ClCompile Include="TFWR\TFWRGameState.cpp">
      <Filter>GameTFWR</Filter>
    </ClCompile>
    <ClCompile Include="TFWR\CodeEditor.cpp">
      <Filter>GameTFWR</Filter>
    </ClCompile>
  </ItemGroup>
  <ItemGroup>
    <ClInclude Include="TestWorking\TestWorkingPCH.h" />
    <ClInclude Include="Chess\ChessCore.h">
      <Filter>GameChess</Filter>
    </ClInclude>
    <ClInclude Include="StoneBlocks\SBlocksSolver.h">
      <Filter>GameStoneBlocks</Filter>
    </ClInclude>
    <ClInclude Include="StoneBlocks\SBlocksStage.h">
      <Filter>GameStoneBlocks</Filter>
    </ClInclude>
    <ClInclude Include="StoneBlocks\SBlocksCore.h">
      <Filter>GameStoneBlocks</Filter>
    </ClInclude>
    <ClInclude Include="StoneBlocks\SBlocksSerialize.h">
      <Filter>GameStoneBlocks</Filter>
    </ClInclude>
    <ClInclude Include="StoneBlocks\SBlocksLevelData.h">
      <Filter>GameStoneBlocks</Filter>
    </ClInclude>
    <ClInclude Include="Life\LifeStage.h">
      <Filter>GameLife</Filter>
    </ClInclude>
    <ClInclude Include="Life\LifeCore.h">
      <Filter>GameLife</Filter>
    </ClInclude>
    <ClInclude Include="Life\GollyFile.h">
      <Filter>GameLife</Filter>
    </ClInclude>
    <ClInclude Include="Life\ChunkAlgo.h">
      <Filter>GameLife\Algorithms</Filter>
    </ClInclude>
    <ClInclude Include="Life\SimpleAlgo.h">
      <Filter>GameLife\Algorithms</Filter>
    </ClInclude>
    <ClInclude Include="FlowFree\FlowFreeGameStage.h">
      <Filter>GameFlowFree</Filter>
    </ClInclude>
    <ClInclude Include="FlowFree\FlowFreeLevel.h">
      <Filter>GameFlowFree</Filter>
    </ClInclude>
    <ClInclude Include="FlowFree\FlowFreeLevelReader.h">
      <Filter>GameFlowFree</Filter>
    </ClInclude>
    <ClInclude Include="FlowFree\FlowFreeSolver.h">
      <Filter>GameFlowFree</Filter>
    </ClInclude>
    <ClInclude Include="Sudoku\SamplerTest.h">
      <Filter>GameSudoku</Filter>
    </ClInclude>
    <ClInclude Include="Sudoku\SudokuSolver.h">
      <Filter>GameSudoku</Filter>
    </ClInclude>
    <ClInclude Include="Sudoku\SudokuSolver.hpp">
      <Filter>GameSudoku</Filter>
    </ClInclude>
    <ClInclude Include="TestMisc\Stage\AgarStage.h">
      <Filter>Stage</Filter>
    </ClInclude>
    <ClInclude Include="StoneBlocks\SBlocksEditor.h">
      <Filter>GameStoneBlocks</Filter>
    </ClInclude>
    <ClInclude Include="StoneBlocks\SBlocksLevel.h">
      <Filter>GameStoneBlocks</Filter>
    </ClInclude>
    <ClInclude Include="AppleSnake\AppleSnakeLevel.h">
      <Filter>GameAppleSnake</Filter>
    </ClInclude>
    <ClInclude Include="AppleSnake\ApplsSnakeLevelData.h">
      <Filter>GameAppleSnake</Filter>
    </ClInclude>
    <ClInclude Include="AppleSnake\AppleSnakeStage.h">
      <Filter>GameAppleSnake</Filter>
    </ClInclude>
    <ClInclude Include="StoreSim\StoreSimCore.h">
      <Filter>GameStoreSim</Filter>
    </ClInclude>
    <ClInclude Include="StoreSim\StoreSimNav.h">
      <Filter>GameStoreSim</Filter>
    </ClInclude>
    <ClInclude Include="StoreSim\StoreSimAI.h">
      <Filter>GameStoreSim</Filter>
    </ClInclude>
    <ClInclude Include="StoreSim\StoreSimSerialize.h">
      <Filter>GameStoreSim</Filter>
    </ClInclude>
    <ClInclude Include="StoreSim\StoreSimItem.h">
      <Filter>GameStoreSim</Filter>
    </ClInclude>
    <ClInclude Include="TFWR\LuaInspector.h">
      <Filter>GameTFWR</Filter>
    </ClInclude>
    <ClInclude Include="TFWR\TFWRCore.h">
      <Filter>GameTFWR</Filter>
    </ClInclude>
    <ClInclude Include="TFWR\TFWREntities.h">
      <Filter>GameTFWR</Filter>
    </ClInclude>
    <ClInclude Include="TFWR\TFWRGameAPI.h">
      <Filter>GameTFWR</Filter>
    </ClInclude>
    <ClInclude Include="TFWR\TFWRGameLogic.h">
      <Filter>GameTFWR</Filter>
    </ClInclude>
    <ClInclude Include="TFWR\TFWRScript.h">
      <Filter>GameTFWR</Filter>
    </ClInclude>
    <ClInclude Include="TFWR\TFWRUnlock.h">
      <Filter>GameTFWR</Filter>
    </ClInclude>
    <ClInclude Include="TFWR\TFWRGameState.h">
      <Filter>GameTFWR</Filter>
    </ClInclude>
    <ClInclude Include="TFWR\CodeEditor.h">
      <Filter>GameTFWR</Filter>
    </ClInclude>
  </ItemGroup>
  <ItemGroup>
    <Filter Include="GameChess">
      <UniqueIdentifier>{ffad3502-f911-445b-ac2c-e484697a5c3e}</UniqueIdentifier>
    </Filter>
    <Filter Include="GameStoneBlocks">
      <UniqueIdentifier>{6ac44b66-ae71-4bd7-8a4f-45e6adc0e637}</UniqueIdentifier>
    </Filter>
    <Filter Include="GameLife">
      <UniqueIdentifier>{5ff9500e-1b78-4eca-a20b-4752be3c5986}</UniqueIdentifier>
    </Filter>
    <Filter Include="GameLife\Algorithms">
      <UniqueIdentifier>{d0b4e85c-d470-45d3-ab09-a89b4aa9f1ff}</UniqueIdentifier>
    </Filter>
    <Filter Include="GameFlowFree">
      <UniqueIdentifier>{40818cd9-e61f-42ee-8dba-55a0e225430c}</UniqueIdentifier>
    </Filter>
    <Filter Include="GameSudoku">
      <UniqueIdentifier>{8d36dc8b-8c84-45d4-bde4-f4baacee0b08}</UniqueIdentifier>
    </Filter>
    <Filter Include="GameFactorio">
      <UniqueIdentifier>{4507e7b4-65bf-4c18-bc30-a55c8d06e4da}</UniqueIdentifier>
    </Filter>
    <Filter Include="GameTransport">
      <UniqueIdentifier>{3be567dd-34a4-4e9a-8756-adcacab538cc}</UniqueIdentifier>
    </Filter>
    <Filter Include="Stage">
      <UniqueIdentifier>{6cd527c6-13ce-4f4b-b694-ecc028d60019}</UniqueIdentifier>
    </Filter>
    <Filter Include="GameAppleSnake">
      <UniqueIdentifier>{d9569443-0bc8-4052-88bd-24be7bbb1187}</UniqueIdentifier>
    </Filter>
    <Filter Include="GameStoreSim">
      <UniqueIdentifier>{518ba1cd-8758-4439-8fe1-f25f4df78288}</UniqueIdentifier>
    </Filter>
    <Filter Include="GameTFWR">
      <UniqueIdentifier>{750b4dc9-94db-4e6b-b621-525eee00b13e}</UniqueIdentifier>
    </Filter>
  </ItemGroup>
</Project>