<?xml version="1.0" encoding="utf-8"?>
<Project ToolsVersion="4.0" xmlns="http://schemas.microsoft.com/developer/msbuild/2003">
  <ItemGroup>
    <ClCompile Include="TestRender\Stage\BRDFTestStage.cpp" />
    <ClCompile Include="TestRender\Stage\TemplateRenderTestStage.cpp" />
    <ClCompile Include="TestRender\Stage\FBXImportTest.cpp" />
    <ClCompile Include="TestRender\Stage\NoiseTestStage.cpp" />
    <ClCompile Include="TestWorking\TestWorking.cpp" />
    <ClCompile Include="TestWorking\TestWorkingPCH.cpp" />
    <ClCompile Include="Chess\ChessCore.cpp">
      <Filter>GameChess</Filter>
    </ClCompile>
    <ClCompile Include="TestRender\Stage\MarchingCubesStage.cpp" />
    <ClCompile Include="TestRender\Stage\GravityFieldStage.cpp" />
    <ClCompile Include="TestRender\Stage\MeshShaderTest.cpp" />
    <ClCompile Include="TestRender\Stage\ChessTestStage.cpp">
      <Filter>GameChess</Filter>
    </ClCompile>
    <ClCompile Include="TestRender\Stage\PlantRenderStage.cpp" />
    <ClCompile Include="StoneBlocks\SBlocksSolver.cpp">
      <Filter>GameStoneBlocks</Filter>
    </ClCompile>
    <ClCompile Include="StoneBlocks\SBlocksStage.cpp">
      <Filter>GameStoneBlocks</Filter>
    </ClCompile>
    <ClCompile Include="StoneBlocks\SBlocksCore.cpp">
      <Filter>GameStoneBlocks</Filter>
    </ClCompile>
    <ClCompile Include="Life\LifeStage.cpp">
      <Filter>GameLife</Filter>
    </ClCompile>
    <ClCompile Include="Life\GollyFile.cpp">
      <Filter>GameLife</Filter>
    </ClCompile>
    <ClCompile Include="TestRender\Stage\ODETestStage.cpp" />
    <ClCompile Include="Life\ChunkAlgo.cpp">
      <Filter>GameLife\Algorithms</Filter>
    </ClCompile>
    <ClCompile Include="Life\SimpleAlgo.cpp">
      <Filter>GameLife\Algorithms</Filter>
    </ClCompile>
  </ItemGroup>
  <ItemGroup>
    <ClInclude Include="TestRender\Stage\BRDFTestStage.h" />
    <ClInclude Include="TestRender\Stage\NoiseTestStage.h" />
    <ClInclude Include="TestWorking\TestWorkingPCH.h" />
    <ClInclude Include="Chess\ChessCore.h">
      <Filter>GameChess</Filter>
    </ClInclude>
    <ClInclude Include="TestRender\Stage\PerlinNoise.h" />
    <ClInclude Include="TestRender\Stage\PlantRenderStage.h" />
    <ClInclude Include="StoneBlocks\SBlocksSolver.h">
      <Filter>GameStoneBlocks</Filter>
    </ClInclude>
    <ClInclude Include="StoneBlocks\SBlocksStage.h">
      <Filter>GameStoneBlocks</Filter>
    </ClInclude>
    <ClInclude Include="StoneBlocks\SBlocksCore.h">
      <Filter>GameStoneBlocks</Filter>
    </ClInclude>
    <ClInclude Include="StoneBlocks\SBlocksSerialize.h">
      <Filter>GameStoneBlocks</Filter>
    </ClInclude>
    <ClInclude Include="StoneBlocks\SBlocksLevelData.h">
      <Filter>GameStoneBlocks</Filter>
    </ClInclude>
    <ClInclude Include="Life\LifeStage.h">
      <Filter>GameLife</Filter>
    </ClInclude>
    <ClInclude Include="Life\LifeCore.h">
      <Filter>GameLife</Filter>
    </ClInclude>
    <ClInclude Include="Life\GollyFile.h">
      <Filter>GameLife</Filter>
    </ClInclude>
    <ClInclude Include="Life\ChunkAlgo.h">
      <Filter>GameLife\Algorithms</Filter>
    </ClInclude>
    <ClInclude Include="Life\SimpleAlgo.h">
      <Filter>GameLife\Algorithms</Filter>
    </ClInclude>
  </ItemGroup>
  <ItemGroup>
    <Filter Include="GameChess">
      <UniqueIdentifier>{ffad3502-f911-445b-ac2c-e484697a5c3e}</UniqueIdentifier>
    </Filter>
    <Filter Include="GameStoneBlocks">
      <UniqueIdentifier>{6ac44b66-ae71-4bd7-8a4f-45e6adc0e637}</UniqueIdentifier>
    </Filter>
    <Filter Include="GameLife">
      <UniqueIdentifier>{5ff9500e-1b78-4eca-a20b-4752be3c5986}</UniqueIdentifier>
    </Filter>
    <Filter Include="GameLife\Algorithms">
      <UniqueIdentifier>{d0b4e85c-d470-45d3-ab09-a89b4aa9f1ff}</UniqueIdentifier>
    </Filter>
  </ItemGroup>
</Project>