<?xml version="1.0" encoding="utf-8"?>
<Project ToolsVersion="4.0" xmlns="http://schemas.microsoft.com/developer/msbuild/2003">
  <ItemGroup>
    <Filter Include="Common">
      <UniqueIdentifier>{4FC737F1-C7A5-4376-A066-2A32D752A2FF}</UniqueIdentifier>
      <Extensions>cpp;c;cc;cxx;def;odl;idl;hpj;bat;asm;asmx</Extensions>
    </Filter>
    <Filter Include="GUI">
      <UniqueIdentifier>{3180a23d-2bfd-4dc2-8bcd-02c108f5ca26}</UniqueIdentifier>
    </Filter>
    <Filter Include="Core">
      <UniqueIdentifier>{d06eb0ef-d53d-4e57-a5f3-935e88c4c0fe}</UniqueIdentifier>
    </Filter>
    <Filter Include="Net">
      <UniqueIdentifier>{8d79001f-dee9-4eac-94c4-c03303f2dd6f}</UniqueIdentifier>
    </Filter>
    <Filter Include="Stage">
      <UniqueIdentifier>{d07d131e-86ce-4e00-8132-537d07e60c2c}</UniqueIdentifier>
    </Filter>
  </ItemGroup>
  <ItemGroup>
    <ClInclude Include="TinyCore\GameControl.h">
      <Filter>Common</Filter>
    </ClInclude>
    <ClInclude Include="TinyCore\GameGlobal.h">
      <Filter>Common</Filter>
    </ClInclude>
    <ClInclude Include="TinyCore\GameGUISystem.h">
      <Filter>Common</Filter>
    </ClInclude>
    <ClInclude Include="TinyCore\GamePlayer.h">
      <Filter>Common</Filter>
    </ClInclude>
    <ClInclude Include="TinyCore\GameReplay.h">
      <Filter>Common</Filter>
    </ClInclude>
    <ClInclude Include="TinyCore\GameSettingHelper.h">
      <Filter>Common</Filter>
    </ClInclude>
    <ClInclude Include="TinyCore\InputManager.h">
      <Filter>Common</Filter>
    </ClInclude>
    <ClInclude Include="TinyCore\Localization.h">
      <Filter>Common</Filter>
    </ClInclude>
    <ClInclude Include="TinyCore\RenderUtility.h">
      <Filter>Common</Filter>
    </ClInclude>
    <ClInclude Include="TinyCore\GameSettingPanel.h">
      <Filter>GUI</Filter>
    </ClInclude>
    <ClInclude Include="TinyCore\GameWidget.h">
      <Filter>GUI</Filter>
    </ClInclude>
    <ClInclude Include="TinyCore\CAsyncFrameManager.h">
      <Filter>Net</Filter>
    </ClInclude>
    <ClInclude Include="TinyCore\CFrameActionNetEngine.h">
      <Filter>Net</Filter>
    </ClInclude>
    <ClInclude Include="TinyCore\ComPacket.h">
      <Filter>Net</Filter>
    </ClInclude>
    <ClInclude Include="TinyCore\CPredictFrameManager.h">
      <Filter>Net</Filter>
    </ClInclude>
    <ClInclude Include="TinyCore\CSyncFrameManager.h">
      <Filter>Net</Filter>
    </ClInclude>
    <ClInclude Include="TinyCore\GameClient.h">
      <Filter>Net</Filter>
    </ClInclude>
    <ClInclude Include="TinyCore\GameNetConnect.h">
      <Filter>Net</Filter>
    </ClInclude>
    <ClInclude Include="TinyCore\GameNetPacket.h">
      <Filter>Net</Filter>
    </ClInclude>
    <ClInclude Include="TinyCore\GameServer.h">
      <Filter>Net</Filter>
    </ClInclude>
    <ClInclude Include="TinyCore\GameWorker.h">
      <Filter>Net</Filter>
    </ClInclude>
    <ClInclude Include="TinyCore\GuideServer.h">
      <Filter>Net</Filter>
    </ClInclude>
    <ClInclude Include="TinyCore\INetEngine.h">
      <Filter>Net</Filter>
    </ClInclude>
    <ClInclude Include="Phy2DStage.h">
      <Filter>Stage</Filter>
    </ClInclude>
    <ClInclude Include="TinyGamePCH.h">
      <Filter>Common</Filter>
    </ClInclude>
    <ClInclude Include="TinyCore\StageRegister.h">
      <Filter>Common</Filter>
    </ClInclude>
    <ClInclude Include="GameShare.h">
      <Filter>Common</Filter>
    </ClInclude>
    <ClInclude Include="TinyCore\GameModuleManager.h">
      <Filter>Common</Filter>
    </ClInclude>
    <ClInclude Include="TinyCore\DrawEngine.h">
      <Filter>Common</Filter>
    </ClInclude>
    <ClInclude Include="Widget\GameRoomUI.h">
      <Filter>GUI</Filter>
    </ClInclude>
    <ClInclude Include="TinyCore\MiscTestRegister.h">
      <Filter>Common</Filter>
    </ClInclude>
    <ClInclude Include="TinyCore\RenderDebug.h" />
    <ClInclude Include="Widget\ConsoleFrame.h">
      <Filter>GUI</Filter>
    </ClInclude>
    <ClInclude Include="TinyCore\DebugDraw.h">
      <Filter>Common</Filter>
    </ClInclude>
    <ClInclude Include="Stage\TestRenderStageBase.h">
      <Filter>Stage</Filter>
    </ClInclude>
    <ClInclude Include="TinyCore\NetClientChannel.h">
      <Filter>Net</Filter>
    </ClInclude>
    <ClInclude Include="TinyCore\NetChannel.h">
      <Filter>Net</Filter>
    </ClInclude>
    <ClInclude Include="TinyCore\Net\ServerTestWorker.h">
      <Filter>Net</Filter>
    </ClInclude>
    <ClInclude Include="TinyCore\PacketDispatcher.h">
      <Filter>Net</Filter>
    </ClInclude>
    <ClInclude Include="TinyCore\PacketFactory.h">
      <Filter>Net</Filter>
    </ClInclude>
    <ClInclude Include="TinyCore\Net\NetTransportImpl.h">
      <Filter>Net</Filter>
    </ClInclude>
    <ClInclude Include="TinyCore\Net\IGameNetSession.h">
      <Filter>Net</Filter>
    </ClInclude>
    <ClInclude Include="TinyCore\Net\INetSession.h">
      <Filter>Net</Filter>
    </ClInclude>
    <ClInclude Include="TinyCore\Net\INetTransport.h">
      <Filter>Net</Filter>
    </ClInclude>
    <ClInclude Include="TinyCore\Net\NetGameModeEx.h">
      <Filter>Net</Filter>
    </ClInclude>
    <ClInclude Include="TinyCore\Net\NetLayerFwd.h">
      <Filter>Net</Filter>
    </ClInclude>
    <ClInclude Include="TinyCore\Net\NetSessionAdapter.h">
      <Filter>Net</Filter>
    </ClInclude>
    <ClInclude Include="TinyCore\Net\NetSessionImpl.h">
      <Filter>Net</Filter>
    </ClInclude>
    <ClInclude Include="TinyCore\Net\NetSystemManager.h">
      <Filter>Net</Filter>
    </ClInclude>
  </ItemGroup>
  <ItemGroup>
    <ClCompile Include="TinyCore\GameControl.cpp">
      <Filter>Common</Filter>
    </ClCompile>
    <ClCompile Include="TinyCore\GameGlobal.cpp">
      <Filter>Common</Filter>
    </ClCompile>
    <ClCompile Include="TinyCore\GameGUISystem.cpp">
      <Filter>Common</Filter>
    </ClCompile>
    <ClCompile Include="TinyCore\GamePlayer.cpp">
      <Filter>Common</Filter>
    </ClCompile>
    <ClCompile Include="TinyCore\GameReplay.cpp">
      <Filter>Common</Filter>
    </ClCompile>
    <ClCompile Include="TinyCore\GameSettingHelper.cpp">
      <Filter>Common</Filter>
    </ClCompile>
    <ClCompile Include="TinyCore\GameTranslateString.cpp">
      <Filter>Common</Filter>
    </ClCompile>
    <ClCompile Include="TinyCore\InputManager.cpp">
      <Filter>Common</Filter>
    </ClCompile>
    <ClCompile Include="TinyCore\Localization.cpp">
      <Filter>Common</Filter>
    </ClCompile>
    <ClCompile Include="TinyCore\RenderUtility.cpp">
      <Filter>Common</Filter>
    </ClCompile>
    <ClCompile Include="TinyCore\GameSettingPanel.cpp">
      <Filter>GUI</Filter>
    </ClCompile>
    <ClCompile Include="TinyCore\GameWidget.cpp">
      <Filter>GUI</Filter>
    </ClCompile>
    <ClCompile Include="TinyCore\CFrameActionNetEngine.cpp">
      <Filter>Net</Filter>
    </ClCompile>
    <ClCompile Include="TinyCore\ComPacket.cpp">
      <Filter>Net</Filter>
    </ClCompile>
    <ClCompile Include="TinyCore\CSyncFrameManager.cpp">
      <Filter>Net</Filter>
    </ClCompile>
    <ClCompile Include="TinyCore\GameClient.cpp">
      <Filter>Net</Filter>
    </ClCompile>
    <ClCompile Include="TinyCore\GameNetConnect.cpp">
      <Filter>Net</Filter>
    </ClCompile>
    <ClCompile Include="TinyCore\GameServer.cpp">
      <Filter>Net</Filter>
    </ClCompile>
    <ClCompile Include="TinyCore\GameWorker.cpp">
      <Filter>Net</Filter>
    </ClCompile>
    <ClCompile Include="Phy2DStage.cpp">
      <Filter>Stage</Filter>
    </ClCompile>
    <ClCompile Include="TinyGamePCH.cpp">
      <Filter>Common</Filter>
    </ClCompile>
    <ClCompile Include="TinyCore\StageRegister.cpp">
      <Filter>Common</Filter>
    </ClCompile>
    <ClCompile Include="TinyCore\GameModuleManager.cpp">
      <Filter>Common</Filter>
    </ClCompile>
    <ClCompile Include="TinyCore\DrawEngine.cpp">
      <Filter>Common</Filter>
    </ClCompile>
    <ClCompile Include="Widget\GameRoomUI.cpp">
      <Filter>GUI</Filter>
    </ClCompile>
    <ClCompile Include="TinyCore\MiscTestRegister.cpp">
      <Filter>Common</Filter>
    </ClCompile>
    <ClCompile Include="TinyCore\RenderDebug.cpp" />
    <ClCompile Include="TinyCore\GameDllMain.cpp">
      <Filter>Common</Filter>
    </ClCompile>
    <ClCompile Include="Widget\ConsoleFrame.cpp">
      <Filter>GUI</Filter>
    </ClCompile>
    <ClCompile Include="TinyCore\DebugDraw.cpp">
      <Filter>Common</Filter>
    </ClCompile>
    <ClCompile Include="Stage\TestRenderStageBase.cpp">
      <Filter>Stage</Filter>
    </ClCompile>
    <ClCompile Include="TinyCore\NetChannel.cpp">
      <Filter>Net</Filter>
    </ClCompile>
    <ClCompile Include="TinyCore\Net\NetTransportImpl.cpp">
      <Filter>Common</Filter>
    </ClCompile>
    <ClCompile Include="TinyCore\Net\NetSessionImpl.cpp">
      <Filter>Common</Filter>
    </ClCompile>
    <ClCompile Include="TinyCore\Net\NetSessionAdapter.cpp">
      <Filter>Common</Filter>
    </ClCompile>
    <ClCompile Include="TinyCore\Net\NetSystemManager.cpp">
      <Filter>Common</Filter>
    </ClCompile>
    <ClCompile Include="TinyCore\Net\NetGameModeEx.cpp">
      <Filter>Common</Filter>
    </ClCompile>
    <ClCompile Include="TinyCore\Net\ServerTestWorker.cpp">
      <Filter>Net</Filter>
    </ClCompile>
    <ClCompile Include="TinyCore\PacketDispatcher.cpp">
      <Filter>Net</Filter>
    </ClCompile>
    <ClCompile Include="TinyCore\PacketFactory.cpp">
      <Filter>Net</Filter>
    </ClCompile>
    <ClCompile Include="TinyCore\GameNetPacket.cpp">
      <Filter>Net</Filter>
    </ClCompile>
  </ItemGroup>
</Project>